// !$*UTF8*$!
{
	archiveVersion = 1;
	classes = {
	};
	objectVersion = 46;
	objects = {

/* Begin PBXBuildFile section */
		00FCE5D1194EDD940044DE1B /* AppDelegate.swift in Sources */ = {isa = PBXBuildFile; fileRef = 00FCE5D0194EDD940044DE1B /* AppDelegate.swift */; };
		00FCE5D3194EDD940044DE1B /* ViewController.swift in Sources */ = {isa = PBXBuildFile; fileRef = 00FCE5D2194EDD940044DE1B /* ViewController.swift */; };
		00FCE5D6194EDD940044DE1B /* Main.storyboard in Resources */ = {isa = PBXBuildFile; fileRef = 00FCE5D4194EDD940044DE1B /* Main.storyboard */; };
		00FCE5D8194EDD940044DE1B /* Images.xcassets in Resources */ = {isa = PBXBuildFile; fileRef = 00FCE5D7194EDD940044DE1B /* Images.xcassets */; };
		00FCE5E4194EDD940044DE1B /* ChannelAppTests.swift in Sources */ = {isa = PBXBuildFile; fileRef = 00FCE5E3194EDD940044DE1B /* ChannelAppTests.swift */; };
/* End PBXBuildFile section */

/* Begin PBXContainerItemProxy section */
		00FCE5DE194EDD940044DE1B /* PBXContainerItemProxy */ = {
			isa = PBXContainerItemProxy;
			containerPortal = 00FCE5C3194EDD930044DE1B /* Project object */;
			proxyType = 1;
			remoteGlobalIDString = 00FCE5CA194EDD930044DE1B;
			remoteInfo = ChannelApp;
		};
/* End PBXContainerItemProxy section */

/* Begin PBXFileReference section */
		00FCE5CB194EDD940044DE1B /* ChannelApp.app */ = {isa = PBXFileReference; explicitFileType = wrapper.application; includeInIndex = 0; path = ChannelApp.app; sourceTree = BUILT_PRODUCTS_DIR; };
		00FCE5CF194EDD940044DE1B /* Info.plist */ = {isa = PBXFileReference; lastKnownFileType = text.plist.xml; path = Info.plist; sourceTree = "<group>"; };
		00FCE5D0194EDD940044DE1B /* AppDelegate.swift */ = {isa = PBXFileReference; lastKnownFileType = sourcecode.swift; path = AppDelegate.swift; sourceTree = "<group>"; };
		00FCE5D2194EDD940044DE1B /* ViewController.swift */ = {isa = PBXFileReference; lastKnownFileType = sourcecode.swift; path = ViewController.swift; sourceTree = "<group>"; };
		00FCE5D5194EDD940044DE1B /* Base */ = {isa = PBXFileReference; lastKnownFileType = file.storyboard; name = Base; path = Base.lproj/Main.storyboard; sourceTree = "<group>"; };
		00FCE5D7194EDD940044DE1B /* Images.xcassets */ = {isa = PBXFileReference; lastKnownFileType = folder.assetcatalog; path = Images.xcassets; sourceTree = "<group>"; };
		00FCE5DD194EDD940044DE1B /* ChannelAppTests.xctest */ = {isa = PBXFileReference; explicitFileType = wrapper.cfbundle; includeInIndex = 0; path = ChannelAppTests.xctest; sourceTree = BUILT_PRODUCTS_DIR; };
		00FCE5E2194EDD940044DE1B /* Info.plist */ = {isa = PBXFileReference; lastKnownFileType = text.plist.xml; path = Info.plist; sourceTree = "<group>"; };
		00FCE5E3194EDD940044DE1B /* ChannelAppTests.swift */ = {isa = PBXFileReference; lastKnownFileType = sourcecode.swift; path = ChannelAppTests.swift; sourceTree = "<group>"; };
/* End PBXFileReference section */

/* Begin PBXFrameworksBuildPhase section */
		00FCE5C8194EDD930044DE1B /* Frameworks */ = {
			isa = PBXFrameworksBuildPhase;
			buildActionMask = 2147483647;
			files = (
			);
			runOnlyForDeploymentPostprocessing = 0;
		};
		00FCE5DA194EDD940044DE1B /* Frameworks */ = {
			isa = PBXFrameworksBuildPhase;
			buildActionMask = 2147483647;
			files = (
			);
			runOnlyForDeploymentPostprocessing = 0;
		};
/* End PBXFrameworksBuildPhase section */

/* Begin PBXGroup section */
		00FCE5C2194EDD930044DE1B = {
			isa = PBXGroup;
			children = (
				00FCE5CD194EDD940044DE1B /* ChannelApp */,
				00FCE5E0194EDD940044DE1B /* ChannelAppTests */,
				00FCE5CC194EDD940044DE1B /* Products */,
			);
			sourceTree = "<group>";
		};
		00FCE5CC194EDD940044DE1B /* Products */ = {
			isa = PBXGroup;
			children = (
				00FCE5CB194EDD940044DE1B /* ChannelApp.app */,
				00FCE5DD194EDD940044DE1B /* ChannelAppTests.xctest */,
			);
			name = Products;
			sourceTree = "<group>";
		};
		00FCE5CD194EDD940044DE1B /* ChannelApp */ = {
			isa = PBXGroup;
			children = (
				00FCE5D0194EDD940044DE1B /* AppDelegate.swift */,
				00FCE5D2194EDD940044DE1B /* ViewController.swift */,
				00FCE5D4194EDD940044DE1B /* Main.storyboard */,
				00FCE5D7194EDD940044DE1B /* Images.xcassets */,
				00FCE5CE194EDD940044DE1B /* Supporting Files */,
			);
			path = ChannelApp;
			sourceTree = "<group>";
		};
		00FCE5CE194EDD940044DE1B /* Supporting Files */ = {
			isa = PBXGroup;
			children = (
				00FCE5CF194EDD940044DE1B /* Info.plist */,
			);
			name = "Supporting Files";
			sourceTree = "<group>";
		};
		00FCE5E0194EDD940044DE1B /* ChannelAppTests */ = {
			isa = PBXGroup;
			children = (
				00FCE5E3194EDD940044DE1B /* ChannelAppTests.swift */,
				00FCE5E1194EDD940044DE1B /* Supporting Files */,
			);
			path = ChannelAppTests;
			sourceTree = "<group>";
		};
		00FCE5E1194EDD940044DE1B /* Supporting Files */ = {
			isa = PBXGroup;
			children = (
				00FCE5E2194EDD940044DE1B /* Info.plist */,
			);
			name = "Supporting Files";
			sourceTree = "<group>";
		};
/* End PBXGroup section */

/* Begin PBXNativeTarget section */
		00FCE5CA194EDD930044DE1B /* ChannelApp */ = {
			isa = PBXNativeTarget;
			buildConfigurationList = 00FCE5E7194EDD940044DE1B /* Build configuration list for PBXNativeTarget "ChannelApp" */;
			buildPhases = (
				00FCE5C7194EDD930044DE1B /* Sources */,
				00FCE5C8194EDD930044DE1B /* Frameworks */,
				00FCE5C9194EDD930044DE1B /* Resources */,
			);
			buildRules = (
			);
			dependencies = (
			);
			name = ChannelApp;
			productName = ChannelApp;
			productReference = 00FCE5CB194EDD940044DE1B /* ChannelApp.app */;
			productType = "com.apple.product-type.application";
		};
		00FCE5DC194EDD940044DE1B /* ChannelAppTests */ = {
			isa = PBXNativeTarget;
			buildConfigurationList = 00FCE5EA194EDD940044DE1B /* Build configuration list for PBXNativeTarget "ChannelAppTests" */;
			buildPhases = (
				00FCE5D9194EDD940044DE1B /* Sources */,
				00FCE5DA194EDD940044DE1B /* Frameworks */,
				00FCE5DB194EDD940044DE1B /* Resources */,
			);
			buildRules = (
			);
			dependencies = (
				00FCE5DF194EDD940044DE1B /* PBXTargetDependency */,
			);
			name = ChannelAppTests;
			productName = ChannelAppTests;
			productReference = 00FCE5DD194EDD940044DE1B /* ChannelAppTests.xctest */;
			productType = "com.apple.product-type.bundle.unit-test";
		};
/* End PBXNativeTarget section */

/* Begin PBXProject section */
		00FCE5C3194EDD930044DE1B /* Project object */ = {
			isa = PBXProject;
			attributes = {
				LastUpgradeCheck = 0600;
				ORGANIZATIONNAME = "长沙戴维营教育";
				TargetAttributes = {
					00FCE5CA194EDD930044DE1B = {
						CreatedOnToolsVersion = 6.0;
					};
					00FCE5DC194EDD940044DE1B = {
						CreatedOnToolsVersion = 6.0;
						TestTargetID = 00FCE5CA194EDD930044DE1B;
					};
				};
			};
			buildConfigurationList = 00FCE5C6194EDD930044DE1B /* Build configuration list for PBXProject "ChannelApp" */;
			compatibilityVersion = "Xcode 3.2";
			developmentRegion = English;
			hasScannedForEncodings = 0;
			knownRegions = (
				en,
				Base,
			);
			mainGroup = 00FCE5C2194EDD930044DE1B;
			productRefGroup = 00FCE5CC194EDD940044DE1B /* Products */;
			projectDirPath = "";
			projectRoot = "";
			targets = (
				00FCE5CA194EDD930044DE1B /* ChannelApp */,
				00FCE5DC194EDD940044DE1B /* ChannelAppTests */,
			);
		};
/* End PBXProject section */

/* Begin PBXResourcesBuildPhase section */
		00FCE5C9194EDD930044DE1B /* Resources */ = {
			isa = PBXResourcesBuildPhase;
			buildActionMask = 2147483647;
			files = (
				00FCE5D6194EDD940044DE1B /* Main.storyboard in Resources */,
				00FCE5D8194EDD940044DE1B /* Images.xcassets in Resources */,
			);
			runOnlyForDeploymentPostprocessing = 0;
		};
		00FCE5DB194EDD940044DE1B /* Resources */ = {
			isa = PBXResourcesBuildPhase;
			buildActionMask = 2147483647;
			files = (
			);
			runOnlyForDeploymentPostprocessing = 0;
		};
/* End PBXResourcesBuildPhase section */

/* Begin PBXSourcesBuildPhase section */
		00FCE5C7194EDD930044DE1B /* Sources */ = {
			isa = PBXSourcesBuildPhase;
			buildActionMask = 2147483647;
			files = (
				00FCE5D3194EDD940044DE1B /* ViewController.swift in Sources */,
				00FCE5D1194EDD940044DE1B /* AppDelegate.swift in Sources */,
			);
			runOnlyForDeploymentPostprocessing = 0;
		};
		00FCE5D9194EDD940044DE1B /* Sources */ = {
			isa = PBXSourcesBuildPhase;
			buildActionMask = 2147483647;
			files = (
				00FCE5E4194EDD940044DE1B /* ChannelAppTests.swift in Sources */,
			);
			runOnlyForDeploymentPostprocessing = 0;
		};
/* End PBXSourcesBuildPhase section */

/* Begin PBXTargetDependency section */
		00FCE5DF194EDD940044DE1B /* PBXTargetDependency */ = {
			isa = PBXTargetDependency;
			target = 00FCE5CA194EDD930044DE1B /* ChannelApp */;
			targetProxy = 00FCE5DE194EDD940044DE1B /* PBXContainerItemProxy */;
		};
/* End PBXTargetDependency section */

/* Begin PBXVariantGroup section */
		00FCE5D4194EDD940044DE1B /* Main.storyboard */ = {
			isa = PBXVariantGroup;
			children = (
				00FCE5D5194EDD940044DE1B /* Base */,
			);
			name = Main.storyboard;
			sourceTree = "<group>";
		};
/* End PBXVariantGroup section */

/* Begin XCBuildConfiguration section */
		00FCE5E5194EDD940044DE1B /* Debug */ = {
			isa = XCBuildConfiguration;
			buildSettings = {
				ALWAYS_SEARCH_USER_PATHS = NO;
				CLANG_CXX_LANGUAGE_STANDARD = "gnu++0x";
				CLANG_CXX_LIBRARY = "libc++";
				CLANG_ENABLE_MODULES = YES;
				CLANG_ENABLE_OBJC_ARC = YES;
				CLANG_WARN_BOOL_CONVERSION = YES;
				CLANG_WARN_CONSTANT_CONVERSION = YES;
				CLANG_WARN_DIRECT_OBJC_ISA_USAGE = YES_ERROR;
				CLANG_WARN_EMPTY_BODY = YES;
				CLANG_WARN_ENUM_CONVERSION = YES;
				CLANG_WARN_INT_CONVERSION = YES;
				CLANG_WARN_OBJC_ROOT_CLASS = YES_ERROR;
				CLANG_WARN_UNREACHABLE_CODE = YES;
				CLANG_WARN__DUPLICATE_METHOD_MATCH = YES;
				"CODE_SIGN_IDENTITY[sdk=iphoneos*]" = "iPhone Developer";
				COPY_PHASE_STRIP = NO;
				ENABLE_STRICT_OBJC_MSGSEND = YES;
				GCC_C_LANGUAGE_STANDARD = gnu99;
				GCC_DYNAMIC_NO_PIC = NO;
				GCC_OPTIMIZATION_LEVEL = 0;
				GCC_PREPROCESSOR_DEFINITIONS = (
					"DEBUG=1",
					"$(inherited)",
				);
				GCC_SYMBOLS_PRIVATE_EXTERN = NO;
				GCC_WARN_64_TO_32_BIT_CONVERSION = YES;
				GCC_WARN_ABOUT_RETURN_TYPE = YES_ERROR;
				GCC_WARN_UNDECLARED_SELECTOR = YES;
				GCC_WARN_UNINITIALIZED_AUTOS = YES_AGGRESSIVE;
				GCC_WARN_UNUSED_FUNCTION = YES;
				GCC_WARN_UNUSED_VARIABLE = YES;
				IPHONEOS_DEPLOYMENT_TARGET = 8.0;
				METAL_ENABLE_DEBUG_INFO = YES;
				ONLY_ACTIVE_ARCH = YES;
				SDKROOT = iphoneos;
				SWIFT_OPTIMIZATION_LEVEL = "-Onone";
			};
			name = Debug;
		};
		00FCE5E6194EDD940044DE1B /* Release */ = {
			isa = XCBuildConfiguration;
			buildSettings = {
				ALWAYS_SEARCH_USER_PATHS = NO;
				CLANG_CXX_LANGUAGE_STANDARD = "gnu++0x";
				CLANG_CXX_LIBRARY = "libc++";
				CLANG_ENABLE_MODULES = YES;
				CLANG_ENABLE_OBJC_ARC = YES;
				CLANG_WARN_BOOL_CONVERSION = YES;
				CLANG_WARN_CONSTANT_CONVERSION = YES;
				CLANG_WARN_DIRECT_OBJC_ISA_USAGE = YES_ERROR;
				CLANG_WARN_EMPTY_BODY = YES;
				CLANG_WARN_ENUM_CONVERSION = YES;
				CLANG_WARN_INT_CONVERSION = YES;
				CLANG_WARN_OBJC_ROOT_CLASS = YES_ERROR;
				CLANG_WARN_UNREACHABLE_CODE = YES;
				CLANG_WARN__DUPLICATE_METHOD_MATCH = YES;
				"CODE_SIGN_IDENTITY[sdk=iphoneos*]" = "iPhone Developer";
				COPY_PHASE_STRIP = YES;
				ENABLE_NS_ASSERTIONS = NO;
				ENABLE_STRICT_OBJC_MSGSEND = YES;
				GCC_C_LANGUAGE_STANDARD = gnu99;
				GCC_WARN_64_TO_32_BIT_CONVERSION = YES;
				GCC_WARN_ABOUT_RETURN_TYPE = YES_ERROR;
				GCC_WARN_UNDECLARED_SELECTOR = YES;
				GCC_WARN_UNINITIALIZED_AUTOS = YES_AGGRESSIVE;
				GCC_WARN_UNUSED_FUNCTION = YES;
				GCC_WARN_UNUSED_VARIABLE = YES;
				IPHONEOS_DEPLOYMENT_TARGET = 8.0;
				METAL_ENABLE_DEBUG_INFO = NO;
				SDKROOT = iphoneos;
				VALIDATE_PRODUCT = YES;
			};
			name = Release;
		};
		00FCE5E8194EDD940044DE1B /* Debug */ = {
			isa = XCBuildConfiguration;
			buildSettings = {
				ASSETCATALOG_COMPILER_APPICON_NAME = AppIcon;
				ASSETCATALOG_COMPILER_LAUNCHIMAGE_NAME = LaunchImage;
				INFOPLIST_FILE = ChannelApp/Info.plist;
				LD_RUNPATH_SEARCH_PATHS = "$(inherited) @executable_path/Frameworks";
				PRODUCT_NAME = "$(TARGET_NAME)";
			};
			name = Debug;
		};
		00FCE5E9194EDD940044DE1B /* Release */ = {
			isa = XCBuildConfiguration;
			buildSettings = {
				ASSETCATALOG_COMPILER_APPICON_NAME = AppIcon;
				ASSETCATALOG_COMPILER_LAUNCHIMAGE_NAME = LaunchImage;
				INFOPLIST_FILE = ChannelApp/Info.plist;
				LD_RUNPATH_SEARCH_PATHS = "$(inherited) @executable_path/Frameworks";
				PRODUCT_NAME = "$(TARGET_NAME)";
			};
			name = Release;
		};
		00FCE5EB194EDD940044DE1B /* Debug */ = {
			isa = XCBuildConfiguration;
			buildSettings = {
				BUNDLE_LOADER = "$(BUILT_PRODUCTS_DIR)/ChannelApp.app/ChannelApp";
				FRAMEWORK_SEARCH_PATHS = (
					"$(SDKROOT)/Developer/Library/Frameworks",
					"$(inherited)",
				);
				GCC_PREPROCESSOR_DEFINITIONS = (
					"DEBUG=1",
					"$(inherited)",
				);
				INFOPLIST_FILE = ChannelAppTests/Info.plist;
				LD_RUNPATH_SEARCH_PATHS = "$(inherited) @executable_path/Frameworks @loader_path/Frameworks";
				METAL_ENABLE_DEBUG_INFO = YES;
				PRODUCT_NAME = "$(TARGET_NAME)";
				TEST_HOST = "$(BUNDLE_LOADER)";
			};
			name = Debug;
		};
		00FCE5EC194EDD940044DE1B /* Release */ = {
			isa = XCBuildConfiguration;
			buildSettings = {
				BUNDLE_LOADER = "$(BUILT_PRODUCTS_DIR)/ChannelApp.app/ChannelApp";
				FRAMEWORK_SEARCH_PATHS = (
					"$(SDKROOT)/Developer/Library/Frameworks",
					"$(inherited)",
				);
				INFOPLIST_FILE = ChannelAppTests/Info.plist;
				LD_RUNPATH_SEARCH_PATHS = "$(inherited) @executable_path/Frameworks @loader_path/Frameworks";
				METAL_ENABLE_DEBUG_INFO = NO;
				PRODUCT_NAME = "$(TARGET_NAME)";
				TEST_HOST = "$(BUNDLE_LOADER)";
			};
			name = Release;
		};
/* End XCBuildConfiguration section */

/* Begin XCConfigurationList section */
		00FCE5C6194EDD930044DE1B /* Build configuration list for PBXProject "ChannelApp" */ = {
			isa = XCConfigurationList;
			buildConfigurations = (
				00FCE5E5194EDD940044DE1B /* Debug */,
				00FCE5E6194EDD940044DE1B /* Release */,
			);
			defaultConfigurationIsVisible = 0;
			defaultConfigurationName = Release;
		};
		00FCE5E7194EDD940044DE1B /* Build configuration list for PBXNativeTarget "ChannelApp" */ = {
			isa = XCConfigurationList;
			buildConfigurations = (
				00FCE5E8194EDD940044DE1B /* Debug */,
				00FCE5E9194EDD940044DE1B /* Release */,
			);
			defaultConfigurationIsVisible = 0;
		};
		00FCE5EA194EDD940044DE1B /* Build configuration list for PBXNativeTarget "ChannelAppTests" */ = {
			isa = XCConfigurationList;
			buildConfigurations = (
				00FCE5EB194EDD940044DE1B /* Debug */,
				00FCE5EC194EDD940044DE1B /* Release */,
			);
			defaultConfigurationIsVisible = 0;
		};
/* End XCConfigurationList section */
	};
	rootObject = 00FCE5C3194EDD930044DE1B /* Project object */;
}
