// !$*UTF8*$!
{
	archiveVersion = 1;
	classes = {
	};
	objectVersion = 46;
	objects = {

/* Begin PBXBuildFile section */
		005D4C7819415C3D003ACBC9 /* AppDelegate.swift in Sources */ = {isa = PBXBuildFile; fileRef = 005D4C7719415C3D003ACBC9 /* AppDelegate.swift */; };
		005D4C7A19415C3D003ACBC9 /* ViewController.swift in Sources */ = {isa = PBXBuildFile; fileRef = 005D4C7919415C3D003ACBC9 /* ViewController.swift */; };
		005D4C7D19415C3D003ACBC9 /* Main.storyboard in Resources */ = {isa = PBXBuildFile; fileRef = 005D4C7B19415C3D003ACBC9 /* Main.storyboard */; };
		005D4C7F19415C3D003ACBC9 /* Images.xcassets in Resources */ = {isa = PBXBuildFile; fileRef = 005D4C7E19415C3D003ACBC9 /* Images.xcassets */; };
		005D4C8B19415C3D003ACBC9 /* SwiftApp_3Tests.swift in Sources */ = {isa = PBXBuildFile; fileRef = 005D4C8A19415C3D003ACBC9 /* SwiftApp_3Tests.swift */; };
/* End PBXBuildFile section */

/* Begin PBXContainerItemProxy section */
		005D4C8519415C3D003ACBC9 /* PBXContainerItemProxy */ = {
			isa = PBXContainerItemProxy;
			containerPortal = 005D4C6A19415C3D003ACBC9 /* Project object */;
			proxyType = 1;
			remoteGlobalIDString = 005D4C7119415C3D003ACBC9;
			remoteInfo = SwiftApp_3;
		};
/* End PBXContainerItemProxy section */

/* Begin PBXFileReference section */
		005D4C7219415C3D003ACBC9 /* SwiftApp_3.app */ = {isa = PBXFileReference; explicitFileType = wrapper.application; includeInIndex = 0; path = SwiftApp_3.app; sourceTree = BUILT_PRODUCTS_DIR; };
		005D4C7619415C3D003ACBC9 /* Info.plist */ = {isa = PBXFileReference; lastKnownFileType = text.plist.xml; path = Info.plist; sourceTree = "<group>"; };
		005D4C7719415C3D003ACBC9 /* AppDelegate.swift */ = {isa = PBXFileReference; lastKnownFileType = sourcecode.swift; path = AppDelegate.swift; sourceTree = "<group>"; };
		005D4C7919415C3D003ACBC9 /* ViewController.swift */ = {isa = PBXFileReference; lastKnownFileType = sourcecode.swift; path = ViewController.swift; sourceTree = "<group>"; };
		005D4C7C19415C3D003ACBC9 /* Base */ = {isa = PBXFileReference; lastKnownFileType = file.storyboard; name = Base; path = Base.lproj/Main.storyboard; sourceTree = "<group>"; };
		005D4C7E19415C3D003ACBC9 /* Images.xcassets */ = {isa = PBXFileReference; lastKnownFileType = folder.assetcatalog; path = Images.xcassets; sourceTree = "<group>"; };
		005D4C8419415C3D003ACBC9 /* SwiftApp_3Tests.xctest */ = {isa = PBXFileReference; explicitFileType = wrapper.cfbundle; includeInIndex = 0; path = SwiftApp_3Tests.xctest; sourceTree = BUILT_PRODUCTS_DIR; };
		005D4C8919415C3D003ACBC9 /* Info.plist */ = {isa = PBXFileReference; lastKnownFileType = text.plist.xml; path = Info.plist; sourceTree = "<group>"; };
		005D4C8A19415C3D003ACBC9 /* SwiftApp_3Tests.swift */ = {isa = PBXFileReference; lastKnownFileType = sourcecode.swift; path = SwiftApp_3Tests.swift; sourceTree = "<group>"; };
/* End PBXFileReference section */

/* Begin PBXFrameworksBuildPhase section */
		005D4C6F19415C3D003ACBC9 /* Frameworks */ = {
			isa = PBXFrameworksBuildPhase;
			buildActionMask = 2147483647;
			files = (
			);
			runOnlyForDeploymentPostprocessing = 0;
		};
		005D4C8119415C3D003ACBC9 /* Frameworks */ = {
			isa = PBXFrameworksBuildPhase;
			buildActionMask = 2147483647;
			files = (
			);
			runOnlyForDeploymentPostprocessing = 0;
		};
/* End PBXFrameworksBuildPhase section */

/* Begin PBXGroup section */
		005D4C6919415C3D003ACBC9 = {
			isa = PBXGroup;
			children = (
				005D4C7419415C3D003ACBC9 /* SwiftApp_3 */,
				005D4C8719415C3D003ACBC9 /* SwiftApp_3Tests */,
				005D4C7319415C3D003ACBC9 /* Products */,
			);
			sourceTree = "<group>";
		};
		005D4C7319415C3D003ACBC9 /* Products */ = {
			isa = PBXGroup;
			children = (
				005D4C7219415C3D003ACBC9 /* SwiftApp_3.app */,
				005D4C8419415C3D003ACBC9 /* SwiftApp_3Tests.xctest */,
			);
			name = Products;
			sourceTree = "<group>";
		};
		005D4C7419415C3D003ACBC9 /* SwiftApp_3 */ = {
			isa = PBXGroup;
			children = (
				005D4C7719415C3D003ACBC9 /* AppDelegate.swift */,
				005D4C7919415C3D003ACBC9 /* ViewController.swift */,
				005D4C7B19415C3D003ACBC9 /* Main.storyboard */,
				005D4C7E19415C3D003ACBC9 /* Images.xcassets */,
				005D4C7519415C3D003ACBC9 /* Supporting Files */,
			);
			path = SwiftApp_3;
			sourceTree = "<group>";
		};
		005D4C7519415C3D003ACBC9 /* Supporting Files */ = {
			isa = PBXGroup;
			children = (
				005D4C7619415C3D003ACBC9 /* Info.plist */,
			);
			name = "Supporting Files";
			sourceTree = "<group>";
		};
		005D4C8719415C3D003ACBC9 /* SwiftApp_3Tests */ = {
			isa = PBXGroup;
			children = (
				005D4C8A19415C3D003ACBC9 /* SwiftApp_3Tests.swift */,
				005D4C8819415C3D003ACBC9 /* Supporting Files */,
			);
			path = SwiftApp_3Tests;
			sourceTree = "<group>";
		};
		005D4C8819415C3D003ACBC9 /* Supporting Files */ = {
			isa = PBXGroup;
			children = (
				005D4C8919415C3D003ACBC9 /* Info.plist */,
			);
			name = "Supporting Files";
			sourceTree = "<group>";
		};
/* End PBXGroup section */

/* Begin PBXNativeTarget section */
		005D4C7119415C3D003ACBC9 /* SwiftApp_3 */ = {
			isa = PBXNativeTarget;
			buildConfigurationList = 005D4C8E19415C3D003ACBC9 /* Build configuration list for PBXNativeTarget "SwiftApp_3" */;
			buildPhases = (
				005D4C6E19415C3D003ACBC9 /* Sources */,
				005D4C6F19415C3D003ACBC9 /* Frameworks */,
				005D4C7019415C3D003ACBC9 /* Resources */,
			);
			buildRules = (
			);
			dependencies = (
			);
			name = SwiftApp_3;
			productName = SwiftApp_3;
			productReference = 005D4C7219415C3D003ACBC9 /* SwiftApp_3.app */;
			productType = "com.apple.product-type.application";
		};
		005D4C8319415C3D003ACBC9 /* SwiftApp_3Tests */ = {
			isa = PBXNativeTarget;
			buildConfigurationList = 005D4C9119415C3D003ACBC9 /* Build configuration list for PBXNativeTarget "SwiftApp_3Tests" */;
			buildPhases = (
				005D4C8019415C3D003ACBC9 /* Sources */,
				005D4C8119415C3D003ACBC9 /* Frameworks */,
				005D4C8219415C3D003ACBC9 /* Resources */,
			);
			buildRules = (
			);
			dependencies = (
				005D4C8619415C3D003ACBC9 /* PBXTargetDependency */,
			);
			name = SwiftApp_3Tests;
			productName = SwiftApp_3Tests;
			productReference = 005D4C8419415C3D003ACBC9 /* SwiftApp_3Tests.xctest */;
			productType = "com.apple.product-type.bundle.unit-test";
		};
/* End PBXNativeTarget section */

/* Begin PBXProject section */
		005D4C6A19415C3D003ACBC9 /* Project object */ = {
			isa = PBXProject;
			attributes = {
				LastUpgradeCheck = 0600;
				ORGANIZATIONNAME = "长沙戴维营教育";
				TargetAttributes = {
					005D4C7119415C3D003ACBC9 = {
						CreatedOnToolsVersion = 6.0;
					};
					005D4C8319415C3D003ACBC9 = {
						CreatedOnToolsVersion = 6.0;
						TestTargetID = 005D4C7119415C3D003ACBC9;
					};
				};
			};
			buildConfigurationList = 005D4C6D19415C3D003ACBC9 /* Build configuration list for PBXProject "SwiftApp_3" */;
			compatibilityVersion = "Xcode 3.2";
			developmentRegion = English;
			hasScannedForEncodings = 0;
			knownRegions = (
				en,
				Base,
			);
			mainGroup = 005D4C6919415C3D003ACBC9;
			productRefGroup = 005D4C7319415C3D003ACBC9 /* Products */;
			projectDirPath = "";
			projectRoot = "";
			targets = (
				005D4C7119415C3D003ACBC9 /* SwiftApp_3 */,
				005D4C8319415C3D003ACBC9 /* SwiftApp_3Tests */,
			);
		};
/* End PBXProject section */

/* Begin PBXResourcesBuildPhase section */
		005D4C7019415C3D003ACBC9 /* Resources */ = {
			isa = PBXResourcesBuildPhase;
			buildActionMask = 2147483647;
			files = (
				005D4C7D19415C3D003ACBC9 /* Main.storyboard in Resources */,
				005D4C7F19415C3D003ACBC9 /* Images.xcassets in Resources */,
			);
			runOnlyForDeploymentPostprocessing = 0;
		};
		005D4C8219415C3D003ACBC9 /* Resources */ = {
			isa = PBXResourcesBuildPhase;
			buildActionMask = 2147483647;
			files = (
			);
			runOnlyForDeploymentPostprocessing = 0;
		};
/* End PBXResourcesBuildPhase section */

/* Begin PBXSourcesBuildPhase section */
		005D4C6E19415C3D003ACBC9 /* Sources */ = {
			isa = PBXSourcesBuildPhase;
			buildActionMask = 2147483647;
			files = (
				005D4C7A19415C3D003ACBC9 /* ViewController.swift in Sources */,
				005D4C7819415C3D003ACBC9 /* AppDelegate.swift in Sources */,
			);
			runOnlyForDeploymentPostprocessing = 0;
		};
		005D4C8019415C3D003ACBC9 /* Sources */ = {
			isa = PBXSourcesBuildPhase;
			buildActionMask = 2147483647;
			files = (
				005D4C8B19415C3D003ACBC9 /* SwiftApp_3Tests.swift in Sources */,
			);
			runOnlyForDeploymentPostprocessing = 0;
		};
/* End PBXSourcesBuildPhase section */

/* Begin PBXTargetDependency section */
		005D4C8619415C3D003ACBC9 /* PBXTargetDependency */ = {
			isa = PBXTargetDependency;
			target = 005D4C7119415C3D003ACBC9 /* SwiftApp_3 */;
			targetProxy = 005D4C8519415C3D003ACBC9 /* PBXContainerItemProxy */;
		};
/* End PBXTargetDependency section */

/* Begin PBXVariantGroup section */
		005D4C7B19415C3D003ACBC9 /* Main.storyboard */ = {
			isa = PBXVariantGroup;
			children = (
				005D4C7C19415C3D003ACBC9 /* Base */,
			);
			name = Main.storyboard;
			sourceTree = "<group>";
		};
/* End PBXVariantGroup section */

/* Begin XCBuildConfiguration section */
		005D4C8C19415C3D003ACBC9 /* Debug */ = {
			isa = XCBuildConfiguration;
			buildSettings = {
				ALWAYS_SEARCH_USER_PATHS = NO;
				CLANG_CXX_LANGUAGE_STANDARD = "gnu++0x";
				CLANG_CXX_LIBRARY = "libc++";
				CLANG_ENABLE_MODULES = YES;
				CLANG_ENABLE_OBJC_ARC = YES;
				CLANG_WARN_BOOL_CONVERSION = YES;
				CLANG_WARN_CONSTANT_CONVERSION = YES;
				CLANG_WARN_DIRECT_OBJC_ISA_USAGE = YES_ERROR;
				CLANG_WARN_EMPTY_BODY = YES;
				CLANG_WARN_ENUM_CONVERSION = YES;
				CLANG_WARN_INT_CONVERSION = YES;
				CLANG_WARN_OBJC_ROOT_CLASS = YES_ERROR;
				CLANG_WARN_UNREACHABLE_CODE = YES;
				CLANG_WARN__DUPLICATE_METHOD_MATCH = YES;
				"CODE_SIGN_IDENTITY[sdk=iphoneos*]" = "iPhone Developer";
				COPY_PHASE_STRIP = NO;
				ENABLE_STRICT_OBJC_MSGSEND = YES;
				GCC_C_LANGUAGE_STANDARD = gnu99;
				GCC_DYNAMIC_NO_PIC = NO;
				GCC_OPTIMIZATION_LEVEL = 0;
				GCC_PREPROCESSOR_DEFINITIONS = (
					"DEBUG=1",
					"$(inherited)",
				);
				GCC_SYMBOLS_PRIVATE_EXTERN = NO;
				GCC_WARN_64_TO_32_BIT_CONVERSION = YES;
				GCC_WARN_ABOUT_RETURN_TYPE = YES_ERROR;
				GCC_WARN_UNDECLARED_SELECTOR = YES;
				GCC_WARN_UNINITIALIZED_AUTOS = YES_AGGRESSIVE;
				GCC_WARN_UNUSED_FUNCTION = YES;
				GCC_WARN_UNUSED_VARIABLE = YES;
				IPHONEOS_DEPLOYMENT_TARGET = 8.0;
				METAL_ENABLE_DEBUG_INFO = YES;
				ONLY_ACTIVE_ARCH = YES;
				SDKROOT = iphoneos;
				SWIFT_OPTIMIZATION_LEVEL = "-Onone";
			};
			name = Debug;
		};
		005D4C8D19415C3D003ACBC9 /* Release */ = {
			isa = XCBuildConfiguration;
			buildSettings = {
				ALWAYS_SEARCH_USER_PATHS = NO;
				CLANG_CXX_LANGUAGE_STANDARD = "gnu++0x";
				CLANG_CXX_LIBRARY = "libc++";
				CLANG_ENABLE_MODULES = YES;
				CLANG_ENABLE_OBJC_ARC = YES;
				CLANG_WARN_BOOL_CONVERSION = YES;
				CLANG_WARN_CONSTANT_CONVERSION = YES;
				CLANG_WARN_DIRECT_OBJC_ISA_USAGE = YES_ERROR;
				CLANG_WARN_EMPTY_BODY = YES;
				CLANG_WARN_ENUM_CONVERSION = YES;
				CLANG_WARN_INT_CONVERSION = YES;
				CLANG_WARN_OBJC_ROOT_CLASS = YES_ERROR;
				CLANG_WARN_UNREACHABLE_CODE = YES;
				CLANG_WARN__DUPLICATE_METHOD_MATCH = YES;
				"CODE_SIGN_IDENTITY[sdk=iphoneos*]" = "iPhone Developer";
				COPY_PHASE_STRIP = YES;
				ENABLE_NS_ASSERTIONS = NO;
				ENABLE_STRICT_OBJC_MSGSEND = YES;
				GCC_C_LANGUAGE_STANDARD = gnu99;
				GCC_WARN_64_TO_32_BIT_CONVERSION = YES;
				GCC_WARN_ABOUT_RETURN_TYPE = YES_ERROR;
				GCC_WARN_UNDECLARED_SELECTOR = YES;
				GCC_WARN_UNINITIALIZED_AUTOS = YES_AGGRESSIVE;
				GCC_WARN_UNUSED_FUNCTION = YES;
				GCC_WARN_UNUSED_VARIABLE = YES;
				IPHONEOS_DEPLOYMENT_TARGET = 8.0;
				METAL_ENABLE_DEBUG_INFO = NO;
				SDKROOT = iphoneos;
				VALIDATE_PRODUCT = YES;
			};
			name = Release;
		};
		005D4C8F19415C3D003ACBC9 /* Debug */ = {
			isa = XCBuildConfiguration;
			buildSettings = {
				ASSETCATALOG_COMPILER_APPICON_NAME = AppIcon;
				ASSETCATALOG_COMPILER_LAUNCHIMAGE_NAME = LaunchImage;
				INFOPLIST_FILE = SwiftApp_3/Info.plist;
				LD_RUNPATH_SEARCH_PATHS = "$(inherited) @executable_path/Frameworks";
				PRODUCT_NAME = "$(TARGET_NAME)";
			};
			name = Debug;
		};
		005D4C9019415C3D003ACBC9 /* Release */ = {
			isa = XCBuildConfiguration;
			buildSettings = {
				ASSETCATALOG_COMPILER_APPICON_NAME = AppIcon;
				ASSETCATALOG_COMPILER_LAUNCHIMAGE_NAME = LaunchImage;
				INFOPLIST_FILE = SwiftApp_3/Info.plist;
				LD_RUNPATH_SEARCH_PATHS = "$(inherited) @executable_path/Frameworks";
				PRODUCT_NAME = "$(TARGET_NAME)";
			};
			name = Release;
		};
		005D4C9219415C3D003ACBC9 /* Debug */ = {
			isa = XCBuildConfiguration;
			buildSettings = {
				BUNDLE_LOADER = "$(BUILT_PRODUCTS_DIR)/SwiftApp_3.app/SwiftApp_3";
				FRAMEWORK_SEARCH_PATHS = (
					"$(SDKROOT)/Developer/Library/Frameworks",
					"$(inherited)",
				);
				GCC_PREPROCESSOR_DEFINITIONS = (
					"DEBUG=1",
					"$(inherited)",
				);
				INFOPLIST_FILE = SwiftApp_3Tests/Info.plist;
				LD_RUNPATH_SEARCH_PATHS = "$(inherited) @executable_path/Frameworks @loader_path/Frameworks";
				METAL_ENABLE_DEBUG_INFO = YES;
				PRODUCT_NAME = "$(TARGET_NAME)";
				TEST_HOST = "$(BUNDLE_LOADER)";
			};
			name = Debug;
		};
		005D4C9319415C3D003ACBC9 /* Release */ = {
			isa = XCBuildConfiguration;
			buildSettings = {
				BUNDLE_LOADER = "$(BUILT_PRODUCTS_DIR)/SwiftApp_3.app/SwiftApp_3";
				FRAMEWORK_SEARCH_PATHS = (
					"$(SDKROOT)/Developer/Library/Frameworks",
					"$(inherited)",
				);
				INFOPLIST_FILE = SwiftApp_3Tests/Info.plist;
				LD_RUNPATH_SEARCH_PATHS = "$(inherited) @executable_path/Frameworks @loader_path/Frameworks";
				METAL_ENABLE_DEBUG_INFO = NO;
				PRODUCT_NAME = "$(TARGET_NAME)";
				TEST_HOST = "$(BUNDLE_LOADER)";
			};
			name = Release;
		};
/* End XCBuildConfiguration section */

/* Begin XCConfigurationList section */
		005D4C6D19415C3D003ACBC9 /* Build configuration list for PBXProject "SwiftApp_3" */ = {
			isa = XCConfigurationList;
			buildConfigurations = (
				005D4C8C19415C3D003ACBC9 /* Debug */,
				005D4C8D19415C3D003ACBC9 /* Release */,
			);
			defaultConfigurationIsVisible = 0;
			defaultConfigurationName = Release;
		};
		005D4C8E19415C3D003ACBC9 /* Build configuration list for PBXNativeTarget "SwiftApp_3" */ = {
			isa = XCConfigurationList;
			buildConfigurations = (
				005D4C8F19415C3D003ACBC9 /* Debug */,
				005D4C9019415C3D003ACBC9 /* Release */,
			);
			defaultConfigurationIsVisible = 0;
		};
		005D4C9119415C3D003ACBC9 /* Build configuration list for PBXNativeTarget "SwiftApp_3Tests" */ = {
			isa = XCConfigurationList;
			buildConfigurations = (
				005D4C9219415C3D003ACBC9 /* Debug */,
				005D4C9319415C3D003ACBC9 /* Release */,
			);
			defaultConfigurationIsVisible = 0;
		};
/* End XCConfigurationList section */
	};
	rootObject = 005D4C6A19415C3D003ACBC9 /* Project object */;
}
