// !$*UTF8*$!
{
	archiveVersion = 1;
	classes = {
	};
	objectVersion = 46;
	objects = {

/* Begin PBXBuildFile section */
		007D9252195A5DBE00013778 /* AppDelegate.swift in Sources */ = {isa = PBXBuildFile; fileRef = 007D9251195A5DBE00013778 /* AppDelegate.swift */; };
		007D9254195A5DBE00013778 /* ViewController.swift in Sources */ = {isa = PBXBuildFile; fileRef = 007D9253195A5DBE00013778 /* ViewController.swift */; };
		007D9257195A5DBE00013778 /* Main.storyboard in Resources */ = {isa = PBXBuildFile; fileRef = 007D9255195A5DBE00013778 /* Main.storyboard */; };
		007D9259195A5DBE00013778 /* Images.xcassets in Resources */ = {isa = PBXBuildFile; fileRef = 007D9258195A5DBE00013778 /* Images.xcassets */; };
		007D9265195A5DBE00013778 /* SimplePlayerTests.swift in Sources */ = {isa = PBXBuildFile; fileRef = 007D9264195A5DBE00013778 /* SimplePlayerTests.swift */; };
		007D926F195A5EC700013778 /* AVFoundation.framework in Frameworks */ = {isa = PBXBuildFile; fileRef = 007D926E195A5EC700013778 /* AVFoundation.framework */; };
/* End PBXBuildFile section */

/* Begin PBXContainerItemProxy section */
		007D925F195A5DBE00013778 /* PBXContainerItemProxy */ = {
			isa = PBXContainerItemProxy;
			containerPortal = 007D9244195A5DBD00013778 /* Project object */;
			proxyType = 1;
			remoteGlobalIDString = 007D924B195A5DBD00013778;
			remoteInfo = SimplePlayer;
		};
/* End PBXContainerItemProxy section */

/* Begin PBXFileReference section */
		007D924C195A5DBD00013778 /* SimplePlayer.app */ = {isa = PBXFileReference; explicitFileType = wrapper.application; includeInIndex = 0; path = SimplePlayer.app; sourceTree = BUILT_PRODUCTS_DIR; };
		007D9250195A5DBE00013778 /* Info.plist */ = {isa = PBXFileReference; lastKnownFileType = text.plist.xml; path = Info.plist; sourceTree = "<group>"; };
		007D9251195A5DBE00013778 /* AppDelegate.swift */ = {isa = PBXFileReference; lastKnownFileType = sourcecode.swift; path = AppDelegate.swift; sourceTree = "<group>"; };
		007D9253195A5DBE00013778 /* ViewController.swift */ = {isa = PBXFileReference; lastKnownFileType = sourcecode.swift; path = ViewController.swift; sourceTree = "<group>"; };
		007D9256195A5DBE00013778 /* Base */ = {isa = PBXFileReference; lastKnownFileType = file.storyboard; name = Base; path = Base.lproj/Main.storyboard; sourceTree = "<group>"; };
		007D9258195A5DBE00013778 /* Images.xcassets */ = {isa = PBXFileReference; lastKnownFileType = folder.assetcatalog; path = Images.xcassets; sourceTree = "<group>"; };
		007D925E195A5DBE00013778 /* SimplePlayerTests.xctest */ = {isa = PBXFileReference; explicitFileType = wrapper.cfbundle; includeInIndex = 0; path = SimplePlayerTests.xctest; sourceTree = BUILT_PRODUCTS_DIR; };
		007D9263195A5DBE00013778 /* Info.plist */ = {isa = PBXFileReference; lastKnownFileType = text.plist.xml; path = Info.plist; sourceTree = "<group>"; };
		007D9264195A5DBE00013778 /* SimplePlayerTests.swift */ = {isa = PBXFileReference; lastKnownFileType = sourcecode.swift; path = SimplePlayerTests.swift; sourceTree = "<group>"; };
		007D926E195A5EC700013778 /* AVFoundation.framework */ = {isa = PBXFileReference; lastKnownFileType = wrapper.framework; name = AVFoundation.framework; path = System/Library/Frameworks/AVFoundation.framework; sourceTree = SDKROOT; };
/* End PBXFileReference section */

/* Begin PBXFrameworksBuildPhase section */
		007D9249195A5DBD00013778 /* Frameworks */ = {
			isa = PBXFrameworksBuildPhase;
			buildActionMask = 2147483647;
			files = (
				007D926F195A5EC700013778 /* AVFoundation.framework in Frameworks */,
			);
			runOnlyForDeploymentPostprocessing = 0;
		};
		007D925B195A5DBE00013778 /* Frameworks */ = {
			isa = PBXFrameworksBuildPhase;
			buildActionMask = 2147483647;
			files = (
			);
			runOnlyForDeploymentPostprocessing = 0;
		};
/* End PBXFrameworksBuildPhase section */

/* Begin PBXGroup section */
		007D9243195A5DBD00013778 = {
			isa = PBXGroup;
			children = (
				007D926E195A5EC700013778 /* AVFoundation.framework */,
				007D924E195A5DBD00013778 /* SimplePlayer */,
				007D9261195A5DBE00013778 /* SimplePlayerTests */,
				007D924D195A5DBD00013778 /* Products */,
			);
			sourceTree = "<group>";
		};
		007D924D195A5DBD00013778 /* Products */ = {
			isa = PBXGroup;
			children = (
				007D924C195A5DBD00013778 /* SimplePlayer.app */,
				007D925E195A5DBE00013778 /* SimplePlayerTests.xctest */,
			);
			name = Products;
			sourceTree = "<group>";
		};
		007D924E195A5DBD00013778 /* SimplePlayer */ = {
			isa = PBXGroup;
			children = (
				007D9251195A5DBE00013778 /* AppDelegate.swift */,
				007D9253195A5DBE00013778 /* ViewController.swift */,
				007D9255195A5DBE00013778 /* Main.storyboard */,
				007D9258195A5DBE00013778 /* Images.xcassets */,
				007D924F195A5DBE00013778 /* Supporting Files */,
			);
			path = SimplePlayer;
			sourceTree = "<group>";
		};
		007D924F195A5DBE00013778 /* Supporting Files */ = {
			isa = PBXGroup;
			children = (
				007D9250195A5DBE00013778 /* Info.plist */,
			);
			name = "Supporting Files";
			sourceTree = "<group>";
		};
		007D9261195A5DBE00013778 /* SimplePlayerTests */ = {
			isa = PBXGroup;
			children = (
				007D9264195A5DBE00013778 /* SimplePlayerTests.swift */,
				007D9262195A5DBE00013778 /* Supporting Files */,
			);
			path = SimplePlayerTests;
			sourceTree = "<group>";
		};
		007D9262195A5DBE00013778 /* Supporting Files */ = {
			isa = PBXGroup;
			children = (
				007D9263195A5DBE00013778 /* Info.plist */,
			);
			name = "Supporting Files";
			sourceTree = "<group>";
		};
/* End PBXGroup section */

/* Begin PBXNativeTarget section */
		007D924B195A5DBD00013778 /* SimplePlayer */ = {
			isa = PBXNativeTarget;
			buildConfigurationList = 007D9268195A5DBE00013778 /* Build configuration list for PBXNativeTarget "SimplePlayer" */;
			buildPhases = (
				007D9248195A5DBD00013778 /* Sources */,
				007D9249195A5DBD00013778 /* Frameworks */,
				007D924A195A5DBD00013778 /* Resources */,
			);
			buildRules = (
			);
			dependencies = (
			);
			name = SimplePlayer;
			productName = SimplePlayer;
			productReference = 007D924C195A5DBD00013778 /* SimplePlayer.app */;
			productType = "com.apple.product-type.application";
		};
		007D925D195A5DBE00013778 /* SimplePlayerTests */ = {
			isa = PBXNativeTarget;
			buildConfigurationList = 007D926B195A5DBE00013778 /* Build configuration list for PBXNativeTarget "SimplePlayerTests" */;
			buildPhases = (
				007D925A195A5DBE00013778 /* Sources */,
				007D925B195A5DBE00013778 /* Frameworks */,
				007D925C195A5DBE00013778 /* Resources */,
			);
			buildRules = (
			);
			dependencies = (
				007D9260195A5DBE00013778 /* PBXTargetDependency */,
			);
			name = SimplePlayerTests;
			productName = SimplePlayerTests;
			productReference = 007D925E195A5DBE00013778 /* SimplePlayerTests.xctest */;
			productType = "com.apple.product-type.bundle.unit-test";
		};
/* End PBXNativeTarget section */

/* Begin PBXProject section */
		007D9244195A5DBD00013778 /* Project object */ = {
			isa = PBXProject;
			attributes = {
				LastUpgradeCheck = 0600;
				ORGANIZATIONNAME = "长沙戴维营教育";
				TargetAttributes = {
					007D924B195A5DBD00013778 = {
						CreatedOnToolsVersion = 6.0;
					};
					007D925D195A5DBE00013778 = {
						CreatedOnToolsVersion = 6.0;
						TestTargetID = 007D924B195A5DBD00013778;
					};
				};
			};
			buildConfigurationList = 007D9247195A5DBD00013778 /* Build configuration list for PBXProject "SimplePlayer" */;
			compatibilityVersion = "Xcode 3.2";
			developmentRegion = English;
			hasScannedForEncodings = 0;
			knownRegions = (
				en,
				Base,
			);
			mainGroup = 007D9243195A5DBD00013778;
			productRefGroup = 007D924D195A5DBD00013778 /* Products */;
			projectDirPath = "";
			projectRoot = "";
			targets = (
				007D924B195A5DBD00013778 /* SimplePlayer */,
				007D925D195A5DBE00013778 /* SimplePlayerTests */,
			);
		};
/* End PBXProject section */

/* Begin PBXResourcesBuildPhase section */
		007D924A195A5DBD00013778 /* Resources */ = {
			isa = PBXResourcesBuildPhase;
			buildActionMask = 2147483647;
			files = (
				007D9257195A5DBE00013778 /* Main.storyboard in Resources */,
				007D9259195A5DBE00013778 /* Images.xcassets in Resources */,
			);
			runOnlyForDeploymentPostprocessing = 0;
		};
		007D925C195A5DBE00013778 /* Resources */ = {
			isa = PBXResourcesBuildPhase;
			buildActionMask = 2147483647;
			files = (
			);
			runOnlyForDeploymentPostprocessing = 0;
		};
/* End PBXResourcesBuildPhase section */

/* Begin PBXSourcesBuildPhase section */
		007D9248195A5DBD00013778 /* Sources */ = {
			isa = PBXSourcesBuildPhase;
			buildActionMask = 2147483647;
			files = (
				007D9254195A5DBE00013778 /* ViewController.swift in Sources */,
				007D9252195A5DBE00013778 /* AppDelegate.swift in Sources */,
			);
			runOnlyForDeploymentPostprocessing = 0;
		};
		007D925A195A5DBE00013778 /* Sources */ = {
			isa = PBXSourcesBuildPhase;
			buildActionMask = 2147483647;
			files = (
				007D9265195A5DBE00013778 /* SimplePlayerTests.swift in Sources */,
			);
			runOnlyForDeploymentPostprocessing = 0;
		};
/* End PBXSourcesBuildPhase section */

/* Begin PBXTargetDependency section */
		007D9260195A5DBE00013778 /* PBXTargetDependency */ = {
			isa = PBXTargetDependency;
			target = 007D924B195A5DBD00013778 /* SimplePlayer */;
			targetProxy = 007D925F195A5DBE00013778 /* PBXContainerItemProxy */;
		};
/* End PBXTargetDependency section */

/* Begin PBXVariantGroup section */
		007D9255195A5DBE00013778 /* Main.storyboard */ = {
			isa = PBXVariantGroup;
			children = (
				007D9256195A5DBE00013778 /* Base */,
			);
			name = Main.storyboard;
			sourceTree = "<group>";
		};
/* End PBXVariantGroup section */

/* Begin XCBuildConfiguration section */
		007D9266195A5DBE00013778 /* Debug */ = {
			isa = XCBuildConfiguration;
			buildSettings = {
				ALWAYS_SEARCH_USER_PATHS = NO;
				CLANG_CXX_LANGUAGE_STANDARD = "gnu++0x";
				CLANG_CXX_LIBRARY = "libc++";
				CLANG_ENABLE_MODULES = YES;
				CLANG_ENABLE_OBJC_ARC = YES;
				CLANG_WARN_BOOL_CONVERSION = YES;
				CLANG_WARN_CONSTANT_CONVERSION = YES;
				CLANG_WARN_DIRECT_OBJC_ISA_USAGE = YES_ERROR;
				CLANG_WARN_EMPTY_BODY = YES;
				CLANG_WARN_ENUM_CONVERSION = YES;
				CLANG_WARN_INT_CONVERSION = YES;
				CLANG_WARN_OBJC_ROOT_CLASS = YES_ERROR;
				CLANG_WARN_UNREACHABLE_CODE = YES;
				CLANG_WARN__DUPLICATE_METHOD_MATCH = YES;
				"CODE_SIGN_IDENTITY[sdk=iphoneos*]" = "iPhone Developer";
				COPY_PHASE_STRIP = NO;
				ENABLE_STRICT_OBJC_MSGSEND = YES;
				GCC_C_LANGUAGE_STANDARD = gnu99;
				GCC_DYNAMIC_NO_PIC = NO;
				GCC_OPTIMIZATION_LEVEL = 0;
				GCC_PREPROCESSOR_DEFINITIONS = (
					"DEBUG=1",
					"$(inherited)",
				);
				GCC_SYMBOLS_PRIVATE_EXTERN = NO;
				GCC_WARN_64_TO_32_BIT_CONVERSION = YES;
				GCC_WARN_ABOUT_RETURN_TYPE = YES_ERROR;
				GCC_WARN_UNDECLARED_SELECTOR = YES;
				GCC_WARN_UNINITIALIZED_AUTOS = YES_AGGRESSIVE;
				GCC_WARN_UNUSED_FUNCTION = YES;
				GCC_WARN_UNUSED_VARIABLE = YES;
				IPHONEOS_DEPLOYMENT_TARGET = 8.0;
				METAL_ENABLE_DEBUG_INFO = YES;
				ONLY_ACTIVE_ARCH = YES;
				SDKROOT = iphoneos;
				SWIFT_OPTIMIZATION_LEVEL = "-Onone";
			};
			name = Debug;
		};
		007D9267195A5DBE00013778 /* Release */ = {
			isa = XCBuildConfiguration;
			buildSettings = {
				ALWAYS_SEARCH_USER_PATHS = NO;
				CLANG_CXX_LANGUAGE_STANDARD = "gnu++0x";
				CLANG_CXX_LIBRARY = "libc++";
				CLANG_ENABLE_MODULES = YES;
				CLANG_ENABLE_OBJC_ARC = YES;
				CLANG_WARN_BOOL_CONVERSION = YES;
				CLANG_WARN_CONSTANT_CONVERSION = YES;
				CLANG_WARN_DIRECT_OBJC_ISA_USAGE = YES_ERROR;
				CLANG_WARN_EMPTY_BODY = YES;
				CLANG_WARN_ENUM_CONVERSION = YES;
				CLANG_WARN_INT_CONVERSION = YES;
				CLANG_WARN_OBJC_ROOT_CLASS = YES_ERROR;
				CLANG_WARN_UNREACHABLE_CODE = YES;
				CLANG_WARN__DUPLICATE_METHOD_MATCH = YES;
				"CODE_SIGN_IDENTITY[sdk=iphoneos*]" = "iPhone Developer";
				COPY_PHASE_STRIP = YES;
				ENABLE_NS_ASSERTIONS = NO;
				ENABLE_STRICT_OBJC_MSGSEND = YES;
				GCC_C_LANGUAGE_STANDARD = gnu99;
				GCC_WARN_64_TO_32_BIT_CONVERSION = YES;
				GCC_WARN_ABOUT_RETURN_TYPE = YES_ERROR;
				GCC_WARN_UNDECLARED_SELECTOR = YES;
				GCC_WARN_UNINITIALIZED_AUTOS = YES_AGGRESSIVE;
				GCC_WARN_UNUSED_FUNCTION = YES;
				GCC_WARN_UNUSED_VARIABLE = YES;
				IPHONEOS_DEPLOYMENT_TARGET = 8.0;
				METAL_ENABLE_DEBUG_INFO = NO;
				SDKROOT = iphoneos;
				VALIDATE_PRODUCT = YES;
			};
			name = Release;
		};
		007D9269195A5DBE00013778 /* Debug */ = {
			isa = XCBuildConfiguration;
			buildSettings = {
				ASSETCATALOG_COMPILER_APPICON_NAME = AppIcon;
				ASSETCATALOG_COMPILER_LAUNCHIMAGE_NAME = LaunchImage;
				INFOPLIST_FILE = SimplePlayer/Info.plist;
				LD_RUNPATH_SEARCH_PATHS = "$(inherited) @executable_path/Frameworks";
				PRODUCT_NAME = "$(TARGET_NAME)";
			};
			name = Debug;
		};
		007D926A195A5DBE00013778 /* Release */ = {
			isa = XCBuildConfiguration;
			buildSettings = {
				ASSETCATALOG_COMPILER_APPICON_NAME = AppIcon;
				ASSETCATALOG_COMPILER_LAUNCHIMAGE_NAME = LaunchImage;
				INFOPLIST_FILE = SimplePlayer/Info.plist;
				LD_RUNPATH_SEARCH_PATHS = "$(inherited) @executable_path/Frameworks";
				PRODUCT_NAME = "$(TARGET_NAME)";
			};
			name = Release;
		};
		007D926C195A5DBE00013778 /* Debug */ = {
			isa = XCBuildConfiguration;
			buildSettings = {
				BUNDLE_LOADER = "$(BUILT_PRODUCTS_DIR)/SimplePlayer.app/SimplePlayer";
				FRAMEWORK_SEARCH_PATHS = (
					"$(SDKROOT)/Developer/Library/Frameworks",
					"$(inherited)",
				);
				GCC_PREPROCESSOR_DEFINITIONS = (
					"DEBUG=1",
					"$(inherited)",
				);
				INFOPLIST_FILE = SimplePlayerTests/Info.plist;
				LD_RUNPATH_SEARCH_PATHS = "$(inherited) @executable_path/Frameworks @loader_path/Frameworks";
				METAL_ENABLE_DEBUG_INFO = YES;
				PRODUCT_NAME = "$(TARGET_NAME)";
				TEST_HOST = "$(BUNDLE_LOADER)";
			};
			name = Debug;
		};
		007D926D195A5DBE00013778 /* Release */ = {
			isa = XCBuildConfiguration;
			buildSettings = {
				BUNDLE_LOADER = "$(BUILT_PRODUCTS_DIR)/SimplePlayer.app/SimplePlayer";
				FRAMEWORK_SEARCH_PATHS = (
					"$(SDKROOT)/Developer/Library/Frameworks",
					"$(inherited)",
				);
				INFOPLIST_FILE = SimplePlayerTests/Info.plist;
				LD_RUNPATH_SEARCH_PATHS = "$(inherited) @executable_path/Frameworks @loader_path/Frameworks";
				METAL_ENABLE_DEBUG_INFO = NO;
				PRODUCT_NAME = "$(TARGET_NAME)";
				TEST_HOST = "$(BUNDLE_LOADER)";
			};
			name = Release;
		};
/* End XCBuildConfiguration section */

/* Begin XCConfigurationList section */
		007D9247195A5DBD00013778 /* Build configuration list for PBXProject "SimplePlayer" */ = {
			isa = XCConfigurationList;
			buildConfigurations = (
				007D9266195A5DBE00013778 /* Debug */,
				007D9267195A5DBE00013778 /* Release */,
			);
			defaultConfigurationIsVisible = 0;
			defaultConfigurationName = Release;
		};
		007D9268195A5DBE00013778 /* Build configuration list for PBXNativeTarget "SimplePlayer" */ = {
			isa = XCConfigurationList;
			buildConfigurations = (
				007D9269195A5DBE00013778 /* Debug */,
				007D926A195A5DBE00013778 /* Release */,
			);
			defaultConfigurationIsVisible = 0;
		};
		007D926B195A5DBE00013778 /* Build configuration list for PBXNativeTarget "SimplePlayerTests" */ = {
			isa = XCConfigurationList;
			buildConfigurations = (
				007D926C195A5DBE00013778 /* Debug */,
				007D926D195A5DBE00013778 /* Release */,
			);
			defaultConfigurationIsVisible = 0;
		};
/* End XCConfigurationList section */
	};
	rootObject = 007D9244195A5DBD00013778 /* Project object */;
}
