// !$*UTF8*$!
{
	archiveVersion = 1;
	classes = {
	};
	objectVersion = 46;
	objects = {

/* Begin PBXBuildFile section */
		00A5F6C91947F81B003BD7D8 /* AppDelegate.swift in Sources */ = {isa = PBXBuildFile; fileRef = 00A5F6C81947F81B003BD7D8 /* AppDelegate.swift */; };
		00A5F6CB1947F81B003BD7D8 /* ViewController.swift in Sources */ = {isa = PBXBuildFile; fileRef = 00A5F6CA1947F81B003BD7D8 /* ViewController.swift */; };
		00A5F6CE1947F81B003BD7D8 /* Main.storyboard in Resources */ = {isa = PBXBuildFile; fileRef = 00A5F6CC1947F81B003BD7D8 /* Main.storyboard */; };
		00A5F6D01947F81B003BD7D8 /* Images.xcassets in Resources */ = {isa = PBXBuildFile; fileRef = 00A5F6CF1947F81B003BD7D8 /* Images.xcassets */; };
		00A5F6DC1947F81B003BD7D8 /* SwiftNoteTests.swift in Sources */ = {isa = PBXBuildFile; fileRef = 00A5F6DB1947F81B003BD7D8 /* SwiftNoteTests.swift */; };
/* End PBXBuildFile section */

/* Begin PBXContainerItemProxy section */
		00A5F6D61947F81B003BD7D8 /* PBXContainerItemProxy */ = {
			isa = PBXContainerItemProxy;
			containerPortal = 00A5F6BB1947F81B003BD7D8 /* Project object */;
			proxyType = 1;
			remoteGlobalIDString = 00A5F6C21947F81B003BD7D8;
			remoteInfo = SwiftNote;
		};
/* End PBXContainerItemProxy section */

/* Begin PBXFileReference section */
		00A5F6C31947F81B003BD7D8 /* SwiftNote.app */ = {isa = PBXFileReference; explicitFileType = wrapper.application; includeInIndex = 0; path = SwiftNote.app; sourceTree = BUILT_PRODUCTS_DIR; };
		00A5F6C71947F81B003BD7D8 /* Info.plist */ = {isa = PBXFileReference; lastKnownFileType = text.plist.xml; path = Info.plist; sourceTree = "<group>"; };
		00A5F6C81947F81B003BD7D8 /* AppDelegate.swift */ = {isa = PBXFileReference; lastKnownFileType = sourcecode.swift; path = AppDelegate.swift; sourceTree = "<group>"; };
		00A5F6CA1947F81B003BD7D8 /* ViewController.swift */ = {isa = PBXFileReference; lastKnownFileType = sourcecode.swift; path = ViewController.swift; sourceTree = "<group>"; };
		00A5F6CD1947F81B003BD7D8 /* Base */ = {isa = PBXFileReference; lastKnownFileType = file.storyboard; name = Base; path = Base.lproj/Main.storyboard; sourceTree = "<group>"; };
		00A5F6CF1947F81B003BD7D8 /* Images.xcassets */ = {isa = PBXFileReference; lastKnownFileType = folder.assetcatalog; path = Images.xcassets; sourceTree = "<group>"; };
		00A5F6D51947F81B003BD7D8 /* SwiftNoteTests.xctest */ = {isa = PBXFileReference; explicitFileType = wrapper.cfbundle; includeInIndex = 0; path = SwiftNoteTests.xctest; sourceTree = BUILT_PRODUCTS_DIR; };
		00A5F6DA1947F81B003BD7D8 /* Info.plist */ = {isa = PBXFileReference; lastKnownFileType = text.plist.xml; path = Info.plist; sourceTree = "<group>"; };
		00A5F6DB1947F81B003BD7D8 /* SwiftNoteTests.swift */ = {isa = PBXFileReference; lastKnownFileType = sourcecode.swift; path = SwiftNoteTests.swift; sourceTree = "<group>"; };
/* End PBXFileReference section */

/* Begin PBXFrameworksBuildPhase section */
		00A5F6C01947F81B003BD7D8 /* Frameworks */ = {
			isa = PBXFrameworksBuildPhase;
			buildActionMask = 2147483647;
			files = (
			);
			runOnlyForDeploymentPostprocessing = 0;
		};
		00A5F6D21947F81B003BD7D8 /* Frameworks */ = {
			isa = PBXFrameworksBuildPhase;
			buildActionMask = 2147483647;
			files = (
			);
			runOnlyForDeploymentPostprocessing = 0;
		};
/* End PBXFrameworksBuildPhase section */

/* Begin PBXGroup section */
		00A5F6BA1947F81B003BD7D8 = {
			isa = PBXGroup;
			children = (
				00A5F6C51947F81B003BD7D8 /* SwiftNote */,
				00A5F6D81947F81B003BD7D8 /* SwiftNoteTests */,
				00A5F6C41947F81B003BD7D8 /* Products */,
			);
			sourceTree = "<group>";
		};
		00A5F6C41947F81B003BD7D8 /* Products */ = {
			isa = PBXGroup;
			children = (
				00A5F6C31947F81B003BD7D8 /* SwiftNote.app */,
				00A5F6D51947F81B003BD7D8 /* SwiftNoteTests.xctest */,
			);
			name = Products;
			sourceTree = "<group>";
		};
		00A5F6C51947F81B003BD7D8 /* SwiftNote */ = {
			isa = PBXGroup;
			children = (
				00A5F6C81947F81B003BD7D8 /* AppDelegate.swift */,
				00A5F6CA1947F81B003BD7D8 /* ViewController.swift */,
				00A5F6CC1947F81B003BD7D8 /* Main.storyboard */,
				00A5F6CF1947F81B003BD7D8 /* Images.xcassets */,
				00A5F6C61947F81B003BD7D8 /* Supporting Files */,
			);
			path = SwiftNote;
			sourceTree = "<group>";
		};
		00A5F6C61947F81B003BD7D8 /* Supporting Files */ = {
			isa = PBXGroup;
			children = (
				00A5F6C71947F81B003BD7D8 /* Info.plist */,
			);
			name = "Supporting Files";
			sourceTree = "<group>";
		};
		00A5F6D81947F81B003BD7D8 /* SwiftNoteTests */ = {
			isa = PBXGroup;
			children = (
				00A5F6DB1947F81B003BD7D8 /* SwiftNoteTests.swift */,
				00A5F6D91947F81B003BD7D8 /* Supporting Files */,
			);
			path = SwiftNoteTests;
			sourceTree = "<group>";
		};
		00A5F6D91947F81B003BD7D8 /* Supporting Files */ = {
			isa = PBXGroup;
			children = (
				00A5F6DA1947F81B003BD7D8 /* Info.plist */,
			);
			name = "Supporting Files";
			sourceTree = "<group>";
		};
/* End PBXGroup section */

/* Begin PBXNativeTarget section */
		00A5F6C21947F81B003BD7D8 /* SwiftNote */ = {
			isa = PBXNativeTarget;
			buildConfigurationList = 00A5F6DF1947F81B003BD7D8 /* Build configuration list for PBXNativeTarget "SwiftNote" */;
			buildPhases = (
				00A5F6BF1947F81B003BD7D8 /* Sources */,
				00A5F6C01947F81B003BD7D8 /* Frameworks */,
				00A5F6C11947F81B003BD7D8 /* Resources */,
			);
			buildRules = (
			);
			dependencies = (
			);
			name = SwiftNote;
			productName = SwiftNote;
			productReference = 00A5F6C31947F81B003BD7D8 /* SwiftNote.app */;
			productType = "com.apple.product-type.application";
		};
		00A5F6D41947F81B003BD7D8 /* SwiftNoteTests */ = {
			isa = PBXNativeTarget;
			buildConfigurationList = 00A5F6E21947F81B003BD7D8 /* Build configuration list for PBXNativeTarget "SwiftNoteTests" */;
			buildPhases = (
				00A5F6D11947F81B003BD7D8 /* Sources */,
				00A5F6D21947F81B003BD7D8 /* Frameworks */,
				00A5F6D31947F81B003BD7D8 /* Resources */,
			);
			buildRules = (
			);
			dependencies = (
				00A5F6D71947F81B003BD7D8 /* PBXTargetDependency */,
			);
			name = SwiftNoteTests;
			productName = SwiftNoteTests;
			productReference = 00A5F6D51947F81B003BD7D8 /* SwiftNoteTests.xctest */;
			productType = "com.apple.product-type.bundle.unit-test";
		};
/* End PBXNativeTarget section */

/* Begin PBXProject section */
		00A5F6BB1947F81B003BD7D8 /* Project object */ = {
			isa = PBXProject;
			attributes = {
				LastUpgradeCheck = 0600;
				ORGANIZATIONNAME = "长沙戴维营教育";
				TargetAttributes = {
					00A5F6C21947F81B003BD7D8 = {
						CreatedOnToolsVersion = 6.0;
					};
					00A5F6D41947F81B003BD7D8 = {
						CreatedOnToolsVersion = 6.0;
						TestTargetID = 00A5F6C21947F81B003BD7D8;
					};
				};
			};
			buildConfigurationList = 00A5F6BE1947F81B003BD7D8 /* Build configuration list for PBXProject "SwiftNote" */;
			compatibilityVersion = "Xcode 3.2";
			developmentRegion = English;
			hasScannedForEncodings = 0;
			knownRegions = (
				en,
				Base,
			);
			mainGroup = 00A5F6BA1947F81B003BD7D8;
			productRefGroup = 00A5F6C41947F81B003BD7D8 /* Products */;
			projectDirPath = "";
			projectRoot = "";
			targets = (
				00A5F6C21947F81B003BD7D8 /* SwiftNote */,
				00A5F6D41947F81B003BD7D8 /* SwiftNoteTests */,
			);
		};
/* End PBXProject section */

/* Begin PBXResourcesBuildPhase section */
		00A5F6C11947F81B003BD7D8 /* Resources */ = {
			isa = PBXResourcesBuildPhase;
			buildActionMask = 2147483647;
			files = (
				00A5F6CE1947F81B003BD7D8 /* Main.storyboard in Resources */,
				00A5F6D01947F81B003BD7D8 /* Images.xcassets in Resources */,
			);
			runOnlyForDeploymentPostprocessing = 0;
		};
		00A5F6D31947F81B003BD7D8 /* Resources */ = {
			isa = PBXResourcesBuildPhase;
			buildActionMask = 2147483647;
			files = (
			);
			runOnlyForDeploymentPostprocessing = 0;
		};
/* End PBXResourcesBuildPhase section */

/* Begin PBXSourcesBuildPhase section */
		00A5F6BF1947F81B003BD7D8 /* Sources */ = {
			isa = PBXSourcesBuildPhase;
			buildActionMask = 2147483647;
			files = (
				00A5F6CB1947F81B003BD7D8 /* ViewController.swift in Sources */,
				00A5F6C91947F81B003BD7D8 /* AppDelegate.swift in Sources */,
			);
			runOnlyForDeploymentPostprocessing = 0;
		};
		00A5F6D11947F81B003BD7D8 /* Sources */ = {
			isa = PBXSourcesBuildPhase;
			buildActionMask = 2147483647;
			files = (
				00A5F6DC1947F81B003BD7D8 /* SwiftNoteTests.swift in Sources */,
			);
			runOnlyForDeploymentPostprocessing = 0;
		};
/* End PBXSourcesBuildPhase section */

/* Begin PBXTargetDependency section */
		00A5F6D71947F81B003BD7D8 /* PBXTargetDependency */ = {
			isa = PBXTargetDependency;
			target = 00A5F6C21947F81B003BD7D8 /* SwiftNote */;
			targetProxy = 00A5F6D61947F81B003BD7D8 /* PBXContainerItemProxy */;
		};
/* End PBXTargetDependency section */

/* Begin PBXVariantGroup section */
		00A5F6CC1947F81B003BD7D8 /* Main.storyboard */ = {
			isa = PBXVariantGroup;
			children = (
				00A5F6CD1947F81B003BD7D8 /* Base */,
			);
			name = Main.storyboard;
			sourceTree = "<group>";
		};
/* End PBXVariantGroup section */

/* Begin XCBuildConfiguration section */
		00A5F6DD1947F81B003BD7D8 /* Debug */ = {
			isa = XCBuildConfiguration;
			buildSettings = {
				ALWAYS_SEARCH_USER_PATHS = NO;
				CLANG_CXX_LANGUAGE_STANDARD = "gnu++0x";
				CLANG_CXX_LIBRARY = "libc++";
				CLANG_ENABLE_MODULES = YES;
				CLANG_ENABLE_OBJC_ARC = YES;
				CLANG_WARN_BOOL_CONVERSION = YES;
				CLANG_WARN_CONSTANT_CONVERSION = YES;
				CLANG_WARN_DIRECT_OBJC_ISA_USAGE = YES_ERROR;
				CLANG_WARN_EMPTY_BODY = YES;
				CLANG_WARN_ENUM_CONVERSION = YES;
				CLANG_WARN_INT_CONVERSION = YES;
				CLANG_WARN_OBJC_ROOT_CLASS = YES_ERROR;
				CLANG_WARN_UNREACHABLE_CODE = YES;
				CLANG_WARN__DUPLICATE_METHOD_MATCH = YES;
				"CODE_SIGN_IDENTITY[sdk=iphoneos*]" = "iPhone Developer";
				COPY_PHASE_STRIP = NO;
				ENABLE_STRICT_OBJC_MSGSEND = YES;
				GCC_C_LANGUAGE_STANDARD = gnu99;
				GCC_DYNAMIC_NO_PIC = NO;
				GCC_OPTIMIZATION_LEVEL = 0;
				GCC_PREPROCESSOR_DEFINITIONS = (
					"DEBUG=1",
					"$(inherited)",
				);
				GCC_SYMBOLS_PRIVATE_EXTERN = NO;
				GCC_WARN_64_TO_32_BIT_CONVERSION = YES;
				GCC_WARN_ABOUT_RETURN_TYPE = YES_ERROR;
				GCC_WARN_UNDECLARED_SELECTOR = YES;
				GCC_WARN_UNINITIALIZED_AUTOS = YES_AGGRESSIVE;
				GCC_WARN_UNUSED_FUNCTION = YES;
				GCC_WARN_UNUSED_VARIABLE = YES;
				IPHONEOS_DEPLOYMENT_TARGET = 8.0;
				METAL_ENABLE_DEBUG_INFO = YES;
				ONLY_ACTIVE_ARCH = YES;
				SDKROOT = iphoneos;
				SWIFT_OPTIMIZATION_LEVEL = "-Onone";
			};
			name = Debug;
		};
		00A5F6DE1947F81B003BD7D8 /* Release */ = {
			isa = XCBuildConfiguration;
			buildSettings = {
				ALWAYS_SEARCH_USER_PATHS = NO;
				CLANG_CXX_LANGUAGE_STANDARD = "gnu++0x";
				CLANG_CXX_LIBRARY = "libc++";
				CLANG_ENABLE_MODULES = YES;
				CLANG_ENABLE_OBJC_ARC = YES;
				CLANG_WARN_BOOL_CONVERSION = YES;
				CLANG_WARN_CONSTANT_CONVERSION = YES;
				CLANG_WARN_DIRECT_OBJC_ISA_USAGE = YES_ERROR;
				CLANG_WARN_EMPTY_BODY = YES;
				CLANG_WARN_ENUM_CONVERSION = YES;
				CLANG_WARN_INT_CONVERSION = YES;
				CLANG_WARN_OBJC_ROOT_CLASS = YES_ERROR;
				CLANG_WARN_UNREACHABLE_CODE = YES;
				CLANG_WARN__DUPLICATE_METHOD_MATCH = YES;
				"CODE_SIGN_IDENTITY[sdk=iphoneos*]" = "iPhone Developer";
				COPY_PHASE_STRIP = YES;
				ENABLE_NS_ASSERTIONS = NO;
				ENABLE_STRICT_OBJC_MSGSEND = YES;
				GCC_C_LANGUAGE_STANDARD = gnu99;
				GCC_WARN_64_TO_32_BIT_CONVERSION = YES;
				GCC_WARN_ABOUT_RETURN_TYPE = YES_ERROR;
				GCC_WARN_UNDECLARED_SELECTOR = YES;
				GCC_WARN_UNINITIALIZED_AUTOS = YES_AGGRESSIVE;
				GCC_WARN_UNUSED_FUNCTION = YES;
				GCC_WARN_UNUSED_VARIABLE = YES;
				IPHONEOS_DEPLOYMENT_TARGET = 8.0;
				METAL_ENABLE_DEBUG_INFO = NO;
				SDKROOT = iphoneos;
				VALIDATE_PRODUCT = YES;
			};
			name = Release;
		};
		00A5F6E01947F81B003BD7D8 /* Debug */ = {
			isa = XCBuildConfiguration;
			buildSettings = {
				ASSETCATALOG_COMPILER_APPICON_NAME = AppIcon;
				ASSETCATALOG_COMPILER_LAUNCHIMAGE_NAME = LaunchImage;
				INFOPLIST_FILE = SwiftNote/Info.plist;
				LD_RUNPATH_SEARCH_PATHS = "$(inherited) @executable_path/Frameworks";
				PRODUCT_NAME = "$(TARGET_NAME)";
			};
			name = Debug;
		};
		00A5F6E11947F81B003BD7D8 /* Release */ = {
			isa = XCBuildConfiguration;
			buildSettings = {
				ASSETCATALOG_COMPILER_APPICON_NAME = AppIcon;
				ASSETCATALOG_COMPILER_LAUNCHIMAGE_NAME = LaunchImage;
				INFOPLIST_FILE = SwiftNote/Info.plist;
				LD_RUNPATH_SEARCH_PATHS = "$(inherited) @executable_path/Frameworks";
				PRODUCT_NAME = "$(TARGET_NAME)";
			};
			name = Release;
		};
		00A5F6E31947F81B003BD7D8 /* Debug */ = {
			isa = XCBuildConfiguration;
			buildSettings = {
				BUNDLE_LOADER = "$(BUILT_PRODUCTS_DIR)/SwiftNote.app/SwiftNote";
				FRAMEWORK_SEARCH_PATHS = (
					"$(SDKROOT)/Developer/Library/Frameworks",
					"$(inherited)",
				);
				GCC_PREPROCESSOR_DEFINITIONS = (
					"DEBUG=1",
					"$(inherited)",
				);
				INFOPLIST_FILE = SwiftNoteTests/Info.plist;
				LD_RUNPATH_SEARCH_PATHS = "$(inherited) @executable_path/Frameworks @loader_path/Frameworks";
				METAL_ENABLE_DEBUG_INFO = YES;
				PRODUCT_NAME = "$(TARGET_NAME)";
				TEST_HOST = "$(BUNDLE_LOADER)";
			};
			name = Debug;
		};
		00A5F6E41947F81B003BD7D8 /* Release */ = {
			isa = XCBuildConfiguration;
			buildSettings = {
				BUNDLE_LOADER = "$(BUILT_PRODUCTS_DIR)/SwiftNote.app/SwiftNote";
				FRAMEWORK_SEARCH_PATHS = (
					"$(SDKROOT)/Developer/Library/Frameworks",
					"$(inherited)",
				);
				INFOPLIST_FILE = SwiftNoteTests/Info.plist;
				LD_RUNPATH_SEARCH_PATHS = "$(inherited) @executable_path/Frameworks @loader_path/Frameworks";
				METAL_ENABLE_DEBUG_INFO = NO;
				PRODUCT_NAME = "$(TARGET_NAME)";
				TEST_HOST = "$(BUNDLE_LOADER)";
			};
			name = Release;
		};
/* End XCBuildConfiguration section */

/* Begin XCConfigurationList section */
		00A5F6BE1947F81B003BD7D8 /* Build configuration list for PBXProject "SwiftNote" */ = {
			isa = XCConfigurationList;
			buildConfigurations = (
				00A5F6DD1947F81B003BD7D8 /* Debug */,
				00A5F6DE1947F81B003BD7D8 /* Release */,
			);
			defaultConfigurationIsVisible = 0;
			defaultConfigurationName = Release;
		};
		00A5F6DF1947F81B003BD7D8 /* Build configuration list for PBXNativeTarget "SwiftNote" */ = {
			isa = XCConfigurationList;
			buildConfigurations = (
				00A5F6E01947F81B003BD7D8 /* Debug */,
				00A5F6E11947F81B003BD7D8 /* Release */,
			);
			defaultConfigurationIsVisible = 0;
		};
		00A5F6E21947F81B003BD7D8 /* Build configuration list for PBXNativeTarget "SwiftNoteTests" */ = {
			isa = XCConfigurationList;
			buildConfigurations = (
				00A5F6E31947F81B003BD7D8 /* Debug */,
				00A5F6E41947F81B003BD7D8 /* Release */,
			);
			defaultConfigurationIsVisible = 0;
		};
/* End XCConfigurationList section */
	};
	rootObject = 00A5F6BB1947F81B003BD7D8 /* Project object */;
}
