<?xml version="1.0" encoding="UTF-8"?>
<!DOCTYPE plist PUBLIC "-//Apple//DTD PLIST 1.0//EN" "http://www.apple.com/DTDs/PropertyList-1.0.dtd">
<plist version="1.0">
<dict>
	<key>archiveVersion</key>
	<string>1</string>
	<key>classes</key>
	<dict/>
	<key>objectVersion</key>
	<string>46</string>
	<key>objects</key>
	<dict>
		<key>00E55011194D76090029D98D</key>
		<dict>
			<key>children</key>
			<array>
				<string>00E55056194D7AF80029D98D</string>
				<string>00E55054194D7A790029D98D</string>
				<string>00E55052194D7A600029D98D</string>
				<string>00E55050194D79550029D98D</string>
				<string>00E5504E194D79320029D98D</string>
				<string>00E5504C194D791B0029D98D</string>
				<string>00E5504A194D790A0029D98D</string>
				<string>00E55048194D78F80029D98D</string>
				<string>00E55046194D78E80029D98D</string>
				<string>00E55044194D78E20029D98D</string>
				<string>00E55042194D78DA0029D98D</string>
				<string>00E5503C194D76260029D98D</string>
				<string>00E5501C194D76090029D98D</string>
				<string>00E5502F194D76090029D98D</string>
				<string>00E5501B194D76090029D98D</string>
				<string>73F71B6B3FE3459E98FD1A42</string>
				<string>E24B88B0CE3A42EB87545F8A</string>
			</array>
			<key>isa</key>
			<string>PBXGroup</string>
			<key>sourceTree</key>
			<string>&lt;group&gt;</string>
		</dict>
		<key>00E55012194D76090029D98D</key>
		<dict>
			<key>attributes</key>
			<dict>
				<key>LastUpgradeCheck</key>
				<string>0600</string>
				<key>ORGANIZATIONNAME</key>
				<string>&#38271;&#27801;&#25140;&#32500;&#33829;&#25945;&#32946;</string>
				<key>TargetAttributes</key>
				<dict>
					<key>00E55019194D76090029D98D</key>
					<dict>
						<key>CreatedOnToolsVersion</key>
						<string>6.0</string>
					</dict>
					<key>00E5502B194D76090029D98D</key>
					<dict>
						<key>CreatedOnToolsVersion</key>
						<string>6.0</string>
						<key>TestTargetID</key>
						<string>00E55019194D76090029D98D</string>
					</dict>
				</dict>
			</dict>
			<key>buildConfigurationList</key>
			<string>00E55015194D76090029D98D</string>
			<key>compatibilityVersion</key>
			<string>Xcode 3.2</string>
			<key>developmentRegion</key>
			<string>English</string>
			<key>hasScannedForEncodings</key>
			<string>0</string>
			<key>isa</key>
			<string>PBXProject</string>
			<key>knownRegions</key>
			<array>
				<string>en</string>
				<string>Base</string>
			</array>
			<key>mainGroup</key>
			<string>00E55011194D76090029D98D</string>
			<key>productRefGroup</key>
			<string>00E5501B194D76090029D98D</string>
			<key>projectDirPath</key>
			<string></string>
			<key>projectReferences</key>
			<array/>
			<key>projectRoot</key>
			<string></string>
			<key>targets</key>
			<array>
				<string>00E55019194D76090029D98D</string>
				<string>00E5502B194D76090029D98D</string>
			</array>
		</dict>
		<key>00E55015194D76090029D98D</key>
		<dict>
			<key>buildConfigurations</key>
			<array>
				<string>00E55034194D76090029D98D</string>
				<string>00E55035194D76090029D98D</string>
			</array>
			<key>defaultConfigurationIsVisible</key>
			<string>0</string>
			<key>defaultConfigurationName</key>
			<string>Release</string>
			<key>isa</key>
			<string>XCConfigurationList</string>
		</dict>
		<key>00E55016194D76090029D98D</key>
		<dict>
			<key>buildActionMask</key>
			<string>2147483647</string>
			<key>files</key>
			<array>
				<string>00E55022194D76090029D98D</string>
				<string>00E55041194D76560029D98D</string>
				<string>00E55020194D76090029D98D</string>
			</array>
			<key>isa</key>
			<string>PBXSourcesBuildPhase</string>
			<key>runOnlyForDeploymentPostprocessing</key>
			<string>0</string>
		</dict>
		<key>00E55017194D76090029D98D</key>
		<dict>
			<key>buildActionMask</key>
			<string>2147483647</string>
			<key>files</key>
			<array>
				<string>00E55057194D7AF80029D98D</string>
				<string>00E55055194D7A790029D98D</string>
				<string>00E55053194D7A600029D98D</string>
				<string>00E55051194D79550029D98D</string>
				<string>00E5504F194D79320029D98D</string>
				<string>00E5504D194D791B0029D98D</string>
				<string>00E5504B194D790A0029D98D</string>
				<string>00E55049194D78F80029D98D</string>
				<string>00E55047194D78E80029D98D</string>
				<string>00E55045194D78E20029D98D</string>
				<string>00E55043194D78DA0029D98D</string>
				<string>00E5503D194D76260029D98D</string>
				<string>F66E7793001240FA9CC2D35B</string>
			</array>
			<key>isa</key>
			<string>PBXFrameworksBuildPhase</string>
			<key>runOnlyForDeploymentPostprocessing</key>
			<string>0</string>
		</dict>
		<key>00E55018194D76090029D98D</key>
		<dict>
			<key>buildActionMask</key>
			<string>2147483647</string>
			<key>files</key>
			<array>
				<string>00E55025194D76090029D98D</string>
				<string>00E55027194D76090029D98D</string>
			</array>
			<key>isa</key>
			<string>PBXResourcesBuildPhase</string>
			<key>runOnlyForDeploymentPostprocessing</key>
			<string>0</string>
		</dict>
		<key>00E55019194D76090029D98D</key>
		<dict>
			<key>buildConfigurationList</key>
			<string>00E55036194D76090029D98D</string>
			<key>buildPhases</key>
			<array>
				<string>9E563C3569304360A05AA829</string>
				<string>00E55016194D76090029D98D</string>
				<string>00E55017194D76090029D98D</string>
				<string>00E55018194D76090029D98D</string>
				<string>35DDD7E8FCBE46C8A636FB8E</string>
			</array>
			<key>buildRules</key>
			<array/>
			<key>dependencies</key>
			<array/>
			<key>isa</key>
			<string>PBXNativeTarget</string>
			<key>name</key>
			<string>SoccerTV</string>
			<key>productName</key>
			<string>SoccerTV</string>
			<key>productReference</key>
			<string>00E5501A194D76090029D98D</string>
			<key>productType</key>
			<string>com.apple.product-type.application</string>
		</dict>
		<key>00E5501A194D76090029D98D</key>
		<dict>
			<key>explicitFileType</key>
			<string>wrapper.application</string>
			<key>includeInIndex</key>
			<string>0</string>
			<key>isa</key>
			<string>PBXFileReference</string>
			<key>path</key>
			<string>SoccerTV.app</string>
			<key>sourceTree</key>
			<string>BUILT_PRODUCTS_DIR</string>
		</dict>
		<key>00E5501B194D76090029D98D</key>
		<dict>
			<key>children</key>
			<array>
				<string>00E5501A194D76090029D98D</string>
				<string>00E5502C194D76090029D98D</string>
			</array>
			<key>isa</key>
			<string>PBXGroup</string>
			<key>name</key>
			<string>Products</string>
			<key>sourceTree</key>
			<string>&lt;group&gt;</string>
		</dict>
		<key>00E5501C194D76090029D98D</key>
		<dict>
			<key>children</key>
			<array>
				<string>00E5501F194D76090029D98D</string>
				<string>00E55021194D76090029D98D</string>
				<string>00E5503F194D76560029D98D</string>
				<string>00E55040194D76560029D98D</string>
				<string>00E55023194D76090029D98D</string>
				<string>00E55026194D76090029D98D</string>
				<string>00E5501D194D76090029D98D</string>
				<string>00E5503E194D76550029D98D</string>
			</array>
			<key>isa</key>
			<string>PBXGroup</string>
			<key>path</key>
			<string>SoccerTV</string>
			<key>sourceTree</key>
			<string>&lt;group&gt;</string>
		</dict>
		<key>00E5501D194D76090029D98D</key>
		<dict>
			<key>children</key>
			<array>
				<string>00E5501E194D76090029D98D</string>
			</array>
			<key>isa</key>
			<string>PBXGroup</string>
			<key>name</key>
			<string>Supporting Files</string>
			<key>sourceTree</key>
			<string>&lt;group&gt;</string>
		</dict>
		<key>00E5501E194D76090029D98D</key>
		<dict>
			<key>isa</key>
			<string>PBXFileReference</string>
			<key>lastKnownFileType</key>
			<string>text.plist.xml</string>
			<key>path</key>
			<string>Info.plist</string>
			<key>sourceTree</key>
			<string>&lt;group&gt;</string>
		</dict>
		<key>00E5501F194D76090029D98D</key>
		<dict>
			<key>isa</key>
			<string>PBXFileReference</string>
			<key>lastKnownFileType</key>
			<string>sourcecode.swift</string>
			<key>path</key>
			<string>AppDelegate.swift</string>
			<key>sourceTree</key>
			<string>&lt;group&gt;</string>
		</dict>
		<key>00E55020194D76090029D98D</key>
		<dict>
			<key>fileRef</key>
			<string>00E5501F194D76090029D98D</string>
			<key>isa</key>
			<string>PBXBuildFile</string>
		</dict>
		<key>00E55021194D76090029D98D</key>
		<dict>
			<key>isa</key>
			<string>PBXFileReference</string>
			<key>lastKnownFileType</key>
			<string>sourcecode.swift</string>
			<key>path</key>
			<string>ViewController.swift</string>
			<key>sourceTree</key>
			<string>&lt;group&gt;</string>
		</dict>
		<key>00E55022194D76090029D98D</key>
		<dict>
			<key>fileRef</key>
			<string>00E55021194D76090029D98D</string>
			<key>isa</key>
			<string>PBXBuildFile</string>
		</dict>
		<key>00E55023194D76090029D98D</key>
		<dict>
			<key>children</key>
			<array>
				<string>00E55024194D76090029D98D</string>
			</array>
			<key>isa</key>
			<string>PBXVariantGroup</string>
			<key>name</key>
			<string>Main.storyboard</string>
			<key>sourceTree</key>
			<string>&lt;group&gt;</string>
		</dict>
		<key>00E55024194D76090029D98D</key>
		<dict>
			<key>isa</key>
			<string>PBXFileReference</string>
			<key>lastKnownFileType</key>
			<string>file.storyboard</string>
			<key>name</key>
			<string>Base</string>
			<key>path</key>
			<string>Base.lproj/Main.storyboard</string>
			<key>sourceTree</key>
			<string>&lt;group&gt;</string>
		</dict>
		<key>00E55025194D76090029D98D</key>
		<dict>
			<key>fileRef</key>
			<string>00E55023194D76090029D98D</string>
			<key>isa</key>
			<string>PBXBuildFile</string>
		</dict>
		<key>00E55026194D76090029D98D</key>
		<dict>
			<key>isa</key>
			<string>PBXFileReference</string>
			<key>lastKnownFileType</key>
			<string>folder.assetcatalog</string>
			<key>path</key>
			<string>Images.xcassets</string>
			<key>sourceTree</key>
			<string>&lt;group&gt;</string>
		</dict>
		<key>00E55027194D76090029D98D</key>
		<dict>
			<key>fileRef</key>
			<string>00E55026194D76090029D98D</string>
			<key>isa</key>
			<string>PBXBuildFile</string>
		</dict>
		<key>00E55028194D76090029D98D</key>
		<dict>
			<key>buildActionMask</key>
			<string>2147483647</string>
			<key>files</key>
			<array>
				<string>00E55033194D76090029D98D</string>
			</array>
			<key>isa</key>
			<string>PBXSourcesBuildPhase</string>
			<key>runOnlyForDeploymentPostprocessing</key>
			<string>0</string>
		</dict>
		<key>00E55029194D76090029D98D</key>
		<dict>
			<key>buildActionMask</key>
			<string>2147483647</string>
			<key>files</key>
			<array/>
			<key>isa</key>
			<string>PBXFrameworksBuildPhase</string>
			<key>runOnlyForDeploymentPostprocessing</key>
			<string>0</string>
		</dict>
		<key>00E5502A194D76090029D98D</key>
		<dict>
			<key>buildActionMask</key>
			<string>2147483647</string>
			<key>files</key>
			<array/>
			<key>isa</key>
			<string>PBXResourcesBuildPhase</string>
			<key>runOnlyForDeploymentPostprocessing</key>
			<string>0</string>
		</dict>
		<key>00E5502B194D76090029D98D</key>
		<dict>
			<key>buildConfigurationList</key>
			<string>00E55039194D76090029D98D</string>
			<key>buildPhases</key>
			<array>
				<string>00E55028194D76090029D98D</string>
				<string>00E55029194D76090029D98D</string>
				<string>00E5502A194D76090029D98D</string>
			</array>
			<key>buildRules</key>
			<array/>
			<key>dependencies</key>
			<array>
				<string>00E5502E194D76090029D98D</string>
			</array>
			<key>isa</key>
			<string>PBXNativeTarget</string>
			<key>name</key>
			<string>SoccerTVTests</string>
			<key>productName</key>
			<string>SoccerTVTests</string>
			<key>productReference</key>
			<string>00E5502C194D76090029D98D</string>
			<key>productType</key>
			<string>com.apple.product-type.bundle.unit-test</string>
		</dict>
		<key>00E5502C194D76090029D98D</key>
		<dict>
			<key>explicitFileType</key>
			<string>wrapper.cfbundle</string>
			<key>includeInIndex</key>
			<string>0</string>
			<key>isa</key>
			<string>PBXFileReference</string>
			<key>path</key>
			<string>SoccerTVTests.xctest</string>
			<key>sourceTree</key>
			<string>BUILT_PRODUCTS_DIR</string>
		</dict>
		<key>00E5502D194D76090029D98D</key>
		<dict>
			<key>containerPortal</key>
			<string>00E55012194D76090029D98D</string>
			<key>isa</key>
			<string>PBXContainerItemProxy</string>
			<key>proxyType</key>
			<string>1</string>
			<key>remoteGlobalIDString</key>
			<string>00E55019194D76090029D98D</string>
			<key>remoteInfo</key>
			<string>SoccerTV</string>
		</dict>
		<key>00E5502E194D76090029D98D</key>
		<dict>
			<key>isa</key>
			<string>PBXTargetDependency</string>
			<key>target</key>
			<string>00E55019194D76090029D98D</string>
			<key>targetProxy</key>
			<string>00E5502D194D76090029D98D</string>
		</dict>
		<key>00E5502F194D76090029D98D</key>
		<dict>
			<key>children</key>
			<array>
				<string>00E55032194D76090029D98D</string>
				<string>00E55030194D76090029D98D</string>
			</array>
			<key>isa</key>
			<string>PBXGroup</string>
			<key>path</key>
			<string>SoccerTVTests</string>
			<key>sourceTree</key>
			<string>&lt;group&gt;</string>
		</dict>
		<key>00E55030194D76090029D98D</key>
		<dict>
			<key>children</key>
			<array>
				<string>00E55031194D76090029D98D</string>
			</array>
			<key>isa</key>
			<string>PBXGroup</string>
			<key>name</key>
			<string>Supporting Files</string>
			<key>sourceTree</key>
			<string>&lt;group&gt;</string>
		</dict>
		<key>00E55031194D76090029D98D</key>
		<dict>
			<key>isa</key>
			<string>PBXFileReference</string>
			<key>lastKnownFileType</key>
			<string>text.plist.xml</string>
			<key>path</key>
			<string>Info.plist</string>
			<key>sourceTree</key>
			<string>&lt;group&gt;</string>
		</dict>
		<key>00E55032194D76090029D98D</key>
		<dict>
			<key>isa</key>
			<string>PBXFileReference</string>
			<key>lastKnownFileType</key>
			<string>sourcecode.swift</string>
			<key>path</key>
			<string>SoccerTVTests.swift</string>
			<key>sourceTree</key>
			<string>&lt;group&gt;</string>
		</dict>
		<key>00E55033194D76090029D98D</key>
		<dict>
			<key>fileRef</key>
			<string>00E55032194D76090029D98D</string>
			<key>isa</key>
			<string>PBXBuildFile</string>
		</dict>
		<key>00E55034194D76090029D98D</key>
		<dict>
			<key>buildSettings</key>
			<dict>
				<key>ALWAYS_SEARCH_USER_PATHS</key>
				<string>NO</string>
				<key>CLANG_CXX_LANGUAGE_STANDARD</key>
				<string>gnu++0x</string>
				<key>CLANG_CXX_LIBRARY</key>
				<string>libc++</string>
				<key>CLANG_ENABLE_MODULES</key>
				<string>YES</string>
				<key>CLANG_ENABLE_OBJC_ARC</key>
				<string>YES</string>
				<key>CLANG_WARN_BOOL_CONVERSION</key>
				<string>YES</string>
				<key>CLANG_WARN_CONSTANT_CONVERSION</key>
				<string>YES</string>
				<key>CLANG_WARN_DIRECT_OBJC_ISA_USAGE</key>
				<string>YES_ERROR</string>
				<key>CLANG_WARN_EMPTY_BODY</key>
				<string>YES</string>
				<key>CLANG_WARN_ENUM_CONVERSION</key>
				<string>YES</string>
				<key>CLANG_WARN_INT_CONVERSION</key>
				<string>YES</string>
				<key>CLANG_WARN_OBJC_ROOT_CLASS</key>
				<string>YES_ERROR</string>
				<key>CLANG_WARN_UNREACHABLE_CODE</key>
				<string>YES</string>
				<key>CLANG_WARN__DUPLICATE_METHOD_MATCH</key>
				<string>YES</string>
				<key>CODE_SIGN_IDENTITY[sdk=iphoneos*]</key>
				<string>iPhone Developer</string>
				<key>COPY_PHASE_STRIP</key>
				<string>NO</string>
				<key>ENABLE_STRICT_OBJC_MSGSEND</key>
				<string>YES</string>
				<key>GCC_C_LANGUAGE_STANDARD</key>
				<string>gnu99</string>
				<key>GCC_DYNAMIC_NO_PIC</key>
				<string>NO</string>
				<key>GCC_OPTIMIZATION_LEVEL</key>
				<string>0</string>
				<key>GCC_PREPROCESSOR_DEFINITIONS</key>
				<array>
					<string>DEBUG=1</string>
					<string>$(inherited)</string>
				</array>
				<key>GCC_SYMBOLS_PRIVATE_EXTERN</key>
				<string>NO</string>
				<key>GCC_WARN_64_TO_32_BIT_CONVERSION</key>
				<string>YES</string>
				<key>GCC_WARN_ABOUT_RETURN_TYPE</key>
				<string>YES_ERROR</string>
				<key>GCC_WARN_UNDECLARED_SELECTOR</key>
				<string>YES</string>
				<key>GCC_WARN_UNINITIALIZED_AUTOS</key>
				<string>YES_AGGRESSIVE</string>
				<key>GCC_WARN_UNUSED_FUNCTION</key>
				<string>YES</string>
				<key>GCC_WARN_UNUSED_VARIABLE</key>
				<string>YES</string>
				<key>IPHONEOS_DEPLOYMENT_TARGET</key>
				<string>8.0</string>
				<key>METAL_ENABLE_DEBUG_INFO</key>
				<string>YES</string>
				<key>ONLY_ACTIVE_ARCH</key>
				<string>YES</string>
				<key>SDKROOT</key>
				<string>iphoneos</string>
				<key>SWIFT_OPTIMIZATION_LEVEL</key>
				<string>-Onone</string>
			</dict>
			<key>isa</key>
			<string>XCBuildConfiguration</string>
			<key>name</key>
			<string>Debug</string>
		</dict>
		<key>00E55035194D76090029D98D</key>
		<dict>
			<key>buildSettings</key>
			<dict>
				<key>ALWAYS_SEARCH_USER_PATHS</key>
				<string>NO</string>
				<key>CLANG_CXX_LANGUAGE_STANDARD</key>
				<string>gnu++0x</string>
				<key>CLANG_CXX_LIBRARY</key>
				<string>libc++</string>
				<key>CLANG_ENABLE_MODULES</key>
				<string>YES</string>
				<key>CLANG_ENABLE_OBJC_ARC</key>
				<string>YES</string>
				<key>CLANG_WARN_BOOL_CONVERSION</key>
				<string>YES</string>
				<key>CLANG_WARN_CONSTANT_CONVERSION</key>
				<string>YES</string>
				<key>CLANG_WARN_DIRECT_OBJC_ISA_USAGE</key>
				<string>YES_ERROR</string>
				<key>CLANG_WARN_EMPTY_BODY</key>
				<string>YES</string>
				<key>CLANG_WARN_ENUM_CONVERSION</key>
				<string>YES</string>
				<key>CLANG_WARN_INT_CONVERSION</key>
				<string>YES</string>
				<key>CLANG_WARN_OBJC_ROOT_CLASS</key>
				<string>YES_ERROR</string>
				<key>CLANG_WARN_UNREACHABLE_CODE</key>
				<string>YES</string>
				<key>CLANG_WARN__DUPLICATE_METHOD_MATCH</key>
				<string>YES</string>
				<key>CODE_SIGN_IDENTITY[sdk=iphoneos*]</key>
				<string>iPhone Developer</string>
				<key>COPY_PHASE_STRIP</key>
				<string>YES</string>
				<key>ENABLE_NS_ASSERTIONS</key>
				<string>NO</string>
				<key>ENABLE_STRICT_OBJC_MSGSEND</key>
				<string>YES</string>
				<key>GCC_C_LANGUAGE_STANDARD</key>
				<string>gnu99</string>
				<key>GCC_WARN_64_TO_32_BIT_CONVERSION</key>
				<string>YES</string>
				<key>GCC_WARN_ABOUT_RETURN_TYPE</key>
				<string>YES_ERROR</string>
				<key>GCC_WARN_UNDECLARED_SELECTOR</key>
				<string>YES</string>
				<key>GCC_WARN_UNINITIALIZED_AUTOS</key>
				<string>YES_AGGRESSIVE</string>
				<key>GCC_WARN_UNUSED_FUNCTION</key>
				<string>YES</string>
				<key>GCC_WARN_UNUSED_VARIABLE</key>
				<string>YES</string>
				<key>IPHONEOS_DEPLOYMENT_TARGET</key>
				<string>8.0</string>
				<key>METAL_ENABLE_DEBUG_INFO</key>
				<string>NO</string>
				<key>SDKROOT</key>
				<string>iphoneos</string>
				<key>VALIDATE_PRODUCT</key>
				<string>YES</string>
			</dict>
			<key>isa</key>
			<string>XCBuildConfiguration</string>
			<key>name</key>
			<string>Release</string>
		</dict>
		<key>00E55036194D76090029D98D</key>
		<dict>
			<key>buildConfigurations</key>
			<array>
				<string>00E55037194D76090029D98D</string>
				<string>00E55038194D76090029D98D</string>
			</array>
			<key>defaultConfigurationIsVisible</key>
			<string>0</string>
			<key>isa</key>
			<string>XCConfigurationList</string>
		</dict>
		<key>00E55037194D76090029D98D</key>
		<dict>
			<key>baseConfigurationReference</key>
			<string>73F71B6B3FE3459E98FD1A42</string>
			<key>buildSettings</key>
			<dict>
				<key>ASSETCATALOG_COMPILER_APPICON_NAME</key>
				<string>AppIcon</string>
				<key>ASSETCATALOG_COMPILER_LAUNCHIMAGE_NAME</key>
				<string>LaunchImage</string>
				<key>CLANG_CXX_LANGUAGE_STANDARD</key>
				<string>c++0x</string>
				<key>CLANG_CXX_LIBRARY</key>
				<string>libstdc++</string>
				<key>CLANG_ENABLE_MODULES</key>
				<string>YES</string>
				<key>FRAMEWORK_SEARCH_PATHS</key>
				<array>
					<string>$(inherited)</string>
					<string>/Users/cheetah/opensource/MobileVLCKit-SDK</string>
				</array>
				<key>INFOPLIST_FILE</key>
				<string>SoccerTV/Info.plist</string>
				<key>LD_RUNPATH_SEARCH_PATHS</key>
				<string>$(inherited) @executable_path/Frameworks</string>
				<key>PRODUCT_NAME</key>
				<string>$(TARGET_NAME)</string>
				<key>SWIFT_OBJC_BRIDGING_HEADER</key>
				<string>SoccerTV/SoccerTV-Bridging-Header.h</string>
				<key>SWIFT_OPTIMIZATION_LEVEL</key>
				<string>-Onone</string>
			</dict>
			<key>isa</key>
			<string>XCBuildConfiguration</string>
			<key>name</key>
			<string>Debug</string>
		</dict>
		<key>00E55038194D76090029D98D</key>
		<dict>
			<key>baseConfigurationReference</key>
			<string>73F71B6B3FE3459E98FD1A42</string>
			<key>buildSettings</key>
			<dict>
				<key>ASSETCATALOG_COMPILER_APPICON_NAME</key>
				<string>AppIcon</string>
				<key>ASSETCATALOG_COMPILER_LAUNCHIMAGE_NAME</key>
				<string>LaunchImage</string>
				<key>CLANG_CXX_LANGUAGE_STANDARD</key>
				<string>c++0x</string>
				<key>CLANG_CXX_LIBRARY</key>
				<string>libstdc++</string>
				<key>CLANG_ENABLE_MODULES</key>
				<string>YES</string>
				<key>FRAMEWORK_SEARCH_PATHS</key>
				<array>
					<string>$(inherited)</string>
					<string>/Users/cheetah/opensource/MobileVLCKit-SDK</string>
				</array>
				<key>INFOPLIST_FILE</key>
				<string>SoccerTV/Info.plist</string>
				<key>LD_RUNPATH_SEARCH_PATHS</key>
				<string>$(inherited) @executable_path/Frameworks</string>
				<key>PRODUCT_NAME</key>
				<string>$(TARGET_NAME)</string>
				<key>SWIFT_OBJC_BRIDGING_HEADER</key>
				<string>SoccerTV/SoccerTV-Bridging-Header.h</string>
			</dict>
			<key>isa</key>
			<string>XCBuildConfiguration</string>
			<key>name</key>
			<string>Release</string>
		</dict>
		<key>00E55039194D76090029D98D</key>
		<dict>
			<key>buildConfigurations</key>
			<array>
				<string>00E5503A194D76090029D98D</string>
				<string>00E5503B194D76090029D98D</string>
			</array>
			<key>defaultConfigurationIsVisible</key>
			<string>0</string>
			<key>isa</key>
			<string>XCConfigurationList</string>
		</dict>
		<key>00E5503A194D76090029D98D</key>
		<dict>
			<key>buildSettings</key>
			<dict>
				<key>BUNDLE_LOADER</key>
				<string>$(BUILT_PRODUCTS_DIR)/SoccerTV.app/SoccerTV</string>
				<key>FRAMEWORK_SEARCH_PATHS</key>
				<array>
					<string>$(SDKROOT)/Developer/Library/Frameworks</string>
					<string>$(inherited)</string>
				</array>
				<key>GCC_PREPROCESSOR_DEFINITIONS</key>
				<array>
					<string>DEBUG=1</string>
					<string>$(inherited)</string>
				</array>
				<key>INFOPLIST_FILE</key>
				<string>SoccerTVTests/Info.plist</string>
				<key>LD_RUNPATH_SEARCH_PATHS</key>
				<string>$(inherited) @executable_path/Frameworks @loader_path/Frameworks</string>
				<key>METAL_ENABLE_DEBUG_INFO</key>
				<string>YES</string>
				<key>PRODUCT_NAME</key>
				<string>$(TARGET_NAME)</string>
				<key>TEST_HOST</key>
				<string>$(BUNDLE_LOADER)</string>
			</dict>
			<key>isa</key>
			<string>XCBuildConfiguration</string>
			<key>name</key>
			<string>Debug</string>
		</dict>
		<key>00E5503B194D76090029D98D</key>
		<dict>
			<key>buildSettings</key>
			<dict>
				<key>BUNDLE_LOADER</key>
				<string>$(BUILT_PRODUCTS_DIR)/SoccerTV.app/SoccerTV</string>
				<key>FRAMEWORK_SEARCH_PATHS</key>
				<array>
					<string>$(SDKROOT)/Developer/Library/Frameworks</string>
					<string>$(inherited)</string>
				</array>
				<key>INFOPLIST_FILE</key>
				<string>SoccerTVTests/Info.plist</string>
				<key>LD_RUNPATH_SEARCH_PATHS</key>
				<string>$(inherited) @executable_path/Frameworks @loader_path/Frameworks</string>
				<key>METAL_ENABLE_DEBUG_INFO</key>
				<string>NO</string>
				<key>PRODUCT_NAME</key>
				<string>$(TARGET_NAME)</string>
				<key>TEST_HOST</key>
				<string>$(BUNDLE_LOADER)</string>
			</dict>
			<key>isa</key>
			<string>XCBuildConfiguration</string>
			<key>name</key>
			<string>Release</string>
		</dict>
		<key>00E5503C194D76260029D98D</key>
		<dict>
			<key>isa</key>
			<string>PBXFileReference</string>
			<key>lastKnownFileType</key>
			<string>wrapper.framework</string>
			<key>name</key>
			<string>MobileVLCKit.framework</string>
			<key>path</key>
			<string>../../../opensource/MobileVLCKit-SDK/MobileVLCKit.framework</string>
			<key>sourceTree</key>
			<string>&lt;group&gt;</string>
		</dict>
		<key>00E5503D194D76260029D98D</key>
		<dict>
			<key>fileRef</key>
			<string>00E5503C194D76260029D98D</string>
			<key>isa</key>
			<string>PBXBuildFile</string>
		</dict>
		<key>00E5503E194D76550029D98D</key>
		<dict>
			<key>explicitFileType</key>
			<string>sourcecode.cpp.h</string>
			<key>isa</key>
			<string>PBXFileReference</string>
			<key>path</key>
			<string>SoccerTV-Bridging-Header.h</string>
			<key>sourceTree</key>
			<string>&lt;group&gt;</string>
		</dict>
		<key>00E5503F194D76560029D98D</key>
		<dict>
			<key>fileEncoding</key>
			<string>4</string>
			<key>isa</key>
			<string>PBXFileReference</string>
			<key>lastKnownFileType</key>
			<string>sourcecode.c.h</string>
			<key>path</key>
			<string>ChannelModel.h</string>
			<key>sourceTree</key>
			<string>&lt;group&gt;</string>
		</dict>
		<key>00E55040194D76560029D98D</key>
		<dict>
			<key>fileEncoding</key>
			<string>4</string>
			<key>isa</key>
			<string>PBXFileReference</string>
			<key>lastKnownFileType</key>
			<string>sourcecode.cpp.objcpp</string>
			<key>path</key>
			<string>ChannelModel.mm</string>
			<key>sourceTree</key>
			<string>&lt;group&gt;</string>
		</dict>
		<key>00E55041194D76560029D98D</key>
		<dict>
			<key>fileRef</key>
			<string>00E55040194D76560029D98D</string>
			<key>isa</key>
			<string>PBXBuildFile</string>
		</dict>
		<key>00E55042194D78DA0029D98D</key>
		<dict>
			<key>isa</key>
			<string>PBXFileReference</string>
			<key>lastKnownFileType</key>
			<string>wrapper.framework</string>
			<key>name</key>
			<string>AudioToolbox.framework</string>
			<key>path</key>
			<string>System/Library/Frameworks/AudioToolbox.framework</string>
			<key>sourceTree</key>
			<string>SDKROOT</string>
		</dict>
		<key>00E55043194D78DA0029D98D</key>
		<dict>
			<key>fileRef</key>
			<string>00E55042194D78DA0029D98D</string>
			<key>isa</key>
			<string>PBXBuildFile</string>
		</dict>
		<key>00E55044194D78E20029D98D</key>
		<dict>
			<key>isa</key>
			<string>PBXFileReference</string>
			<key>lastKnownFileType</key>
			<string>wrapper.framework</string>
			<key>name</key>
			<string>CoreAudio.framework</string>
			<key>path</key>
			<string>System/Library/Frameworks/CoreAudio.framework</string>
			<key>sourceTree</key>
			<string>SDKROOT</string>
		</dict>
		<key>00E55045194D78E20029D98D</key>
		<dict>
			<key>fileRef</key>
			<string>00E55044194D78E20029D98D</string>
			<key>isa</key>
			<string>PBXBuildFile</string>
		</dict>
		<key>00E55046194D78E80029D98D</key>
		<dict>
			<key>isa</key>
			<string>PBXFileReference</string>
			<key>lastKnownFileType</key>
			<string>wrapper.framework</string>
			<key>name</key>
			<string>AVFoundation.framework</string>
			<key>path</key>
			<string>System/Library/Frameworks/AVFoundation.framework</string>
			<key>sourceTree</key>
			<string>SDKROOT</string>
		</dict>
		<key>00E55047194D78E80029D98D</key>
		<dict>
			<key>fileRef</key>
			<string>00E55046194D78E80029D98D</string>
			<key>isa</key>
			<string>PBXBuildFile</string>
		</dict>
		<key>00E55048194D78F80029D98D</key>
		<dict>
			<key>isa</key>
			<string>PBXFileReference</string>
			<key>lastKnownFileType</key>
			<string>compiled.mach-o.dylib</string>
			<key>name</key>
			<string>libz.dylib</string>
			<key>path</key>
			<string>usr/lib/libz.dylib</string>
			<key>sourceTree</key>
			<string>SDKROOT</string>
		</dict>
		<key>00E55049194D78F80029D98D</key>
		<dict>
			<key>fileRef</key>
			<string>00E55048194D78F80029D98D</string>
			<key>isa</key>
			<string>PBXBuildFile</string>
		</dict>
		<key>00E5504A194D790A0029D98D</key>
		<dict>
			<key>isa</key>
			<string>PBXFileReference</string>
			<key>lastKnownFileType</key>
			<string>compiled.mach-o.dylib</string>
			<key>name</key>
			<string>libbz2.dylib</string>
			<key>path</key>
			<string>usr/lib/libbz2.dylib</string>
			<key>sourceTree</key>
			<string>SDKROOT</string>
		</dict>
		<key>00E5504B194D790A0029D98D</key>
		<dict>
			<key>fileRef</key>
			<string>00E5504A194D790A0029D98D</string>
			<key>isa</key>
			<string>PBXBuildFile</string>
		</dict>
		<key>00E5504C194D791B0029D98D</key>
		<dict>
			<key>isa</key>
			<string>PBXFileReference</string>
			<key>lastKnownFileType</key>
			<string>compiled.mach-o.dylib</string>
			<key>name</key>
			<string>libiconv.dylib</string>
			<key>path</key>
			<string>usr/lib/libiconv.dylib</string>
			<key>sourceTree</key>
			<string>SDKROOT</string>
		</dict>
		<key>00E5504D194D791B0029D98D</key>
		<dict>
			<key>fileRef</key>
			<string>00E5504C194D791B0029D98D</string>
			<key>isa</key>
			<string>PBXBuildFile</string>
		</dict>
		<key>00E5504E194D79320029D98D</key>
		<dict>
			<key>isa</key>
			<string>PBXFileReference</string>
			<key>lastKnownFileType</key>
			<string>wrapper.framework</string>
			<key>name</key>
			<string>CoreGraphics.framework</string>
			<key>path</key>
			<string>System/Library/Frameworks/CoreGraphics.framework</string>
			<key>sourceTree</key>
			<string>SDKROOT</string>
		</dict>
		<key>00E5504F194D79320029D98D</key>
		<dict>
			<key>fileRef</key>
			<string>00E5504E194D79320029D98D</string>
			<key>isa</key>
			<string>PBXBuildFile</string>
		</dict>
		<key>00E55050194D79550029D98D</key>
		<dict>
			<key>isa</key>
			<string>PBXFileReference</string>
			<key>lastKnownFileType</key>
			<string>compiled.mach-o.dylib</string>
			<key>name</key>
			<string>libstdc++.dylib</string>
			<key>path</key>
			<string>usr/lib/libstdc++.dylib</string>
			<key>sourceTree</key>
			<string>SDKROOT</string>
		</dict>
		<key>00E55051194D79550029D98D</key>
		<dict>
			<key>fileRef</key>
			<string>00E55050194D79550029D98D</string>
			<key>isa</key>
			<string>PBXBuildFile</string>
		</dict>
		<key>00E55052194D7A600029D98D</key>
		<dict>
			<key>isa</key>
			<string>PBXFileReference</string>
			<key>lastKnownFileType</key>
			<string>wrapper.framework</string>
			<key>name</key>
			<string>Foundation.framework</string>
			<key>path</key>
			<string>System/Library/Frameworks/Foundation.framework</string>
			<key>sourceTree</key>
			<string>SDKROOT</string>
		</dict>
		<key>00E55053194D7A600029D98D</key>
		<dict>
			<key>fileRef</key>
			<string>00E55052194D7A600029D98D</string>
			<key>isa</key>
			<string>PBXBuildFile</string>
		</dict>
		<key>00E55054194D7A790029D98D</key>
		<dict>
			<key>isa</key>
			<string>PBXFileReference</string>
			<key>lastKnownFileType</key>
			<string>wrapper.framework</string>
			<key>name</key>
			<string>CoreText.framework</string>
			<key>path</key>
			<string>System/Library/Frameworks/CoreText.framework</string>
			<key>sourceTree</key>
			<string>SDKROOT</string>
		</dict>
		<key>00E55055194D7A790029D98D</key>
		<dict>
			<key>fileRef</key>
			<string>00E55054194D7A790029D98D</string>
			<key>isa</key>
			<string>PBXBuildFile</string>
		</dict>
		<key>00E55056194D7AF80029D98D</key>
		<dict>
			<key>isa</key>
			<string>PBXFileReference</string>
			<key>lastKnownFileType</key>
			<string>wrapper.framework</string>
			<key>name</key>
			<string>OpenGLES.framework</string>
			<key>path</key>
			<string>System/Library/Frameworks/OpenGLES.framework</string>
			<key>sourceTree</key>
			<string>SDKROOT</string>
		</dict>
		<key>00E55057194D7AF80029D98D</key>
		<dict>
			<key>fileRef</key>
			<string>00E55056194D7AF80029D98D</string>
			<key>isa</key>
			<string>PBXBuildFile</string>
		</dict>
		<key>2203A9A416EC4877AFD2E1DC</key>
		<dict>
			<key>explicitFileType</key>
			<string>archive.ar</string>
			<key>includeInIndex</key>
			<string>0</string>
			<key>isa</key>
			<string>PBXFileReference</string>
			<key>path</key>
			<string>libPods.a</string>
			<key>sourceTree</key>
			<string>BUILT_PRODUCTS_DIR</string>
		</dict>
		<key>35DDD7E8FCBE46C8A636FB8E</key>
		<dict>
			<key>buildActionMask</key>
			<string>2147483647</string>
			<key>files</key>
			<array/>
			<key>inputPaths</key>
			<array/>
			<key>isa</key>
			<string>PBXShellScriptBuildPhase</string>
			<key>name</key>
			<string>Copy Pods Resources</string>
			<key>outputPaths</key>
			<array/>
			<key>runOnlyForDeploymentPostprocessing</key>
			<string>0</string>
			<key>shellPath</key>
			<string>/bin/sh</string>
			<key>shellScript</key>
			<string>"${SRCROOT}/Pods/Pods-resources.sh"
</string>
			<key>showEnvVarsInLog</key>
			<string>0</string>
		</dict>
		<key>73F71B6B3FE3459E98FD1A42</key>
		<dict>
			<key>includeInIndex</key>
			<string>1</string>
			<key>isa</key>
			<string>PBXFileReference</string>
			<key>lastKnownFileType</key>
			<string>text.xcconfig</string>
			<key>name</key>
			<string>Pods.xcconfig</string>
			<key>path</key>
			<string>Pods/Pods.xcconfig</string>
			<key>sourceTree</key>
			<string>&lt;group&gt;</string>
		</dict>
		<key>9E563C3569304360A05AA829</key>
		<dict>
			<key>buildActionMask</key>
			<string>2147483647</string>
			<key>files</key>
			<array/>
			<key>inputPaths</key>
			<array/>
			<key>isa</key>
			<string>PBXShellScriptBuildPhase</string>
			<key>name</key>
			<string>Check Pods Manifest.lock</string>
			<key>outputPaths</key>
			<array/>
			<key>runOnlyForDeploymentPostprocessing</key>
			<string>0</string>
			<key>shellPath</key>
			<string>/bin/sh</string>
			<key>shellScript</key>
			<string>diff "${PODS_ROOT}/../Podfile.lock" "${PODS_ROOT}/Manifest.lock" &gt; /dev/null
if [[ $? != 0 ]] ; then
    cat &lt;&lt; EOM
error: The sandbox is not in sync with the Podfile.lock. Run 'pod install' or update your CocoaPods installation.
EOM
    exit 1
fi
</string>
			<key>showEnvVarsInLog</key>
			<string>0</string>
		</dict>
		<key>E24B88B0CE3A42EB87545F8A</key>
		<dict>
			<key>children</key>
			<array>
				<string>2203A9A416EC4877AFD2E1DC</string>
			</array>
			<key>isa</key>
			<string>PBXGroup</string>
			<key>name</key>
			<string>Frameworks</string>
			<key>sourceTree</key>
			<string>&lt;group&gt;</string>
		</dict>
		<key>F66E7793001240FA9CC2D35B</key>
		<dict>
			<key>fileRef</key>
			<string>2203A9A416EC4877AFD2E1DC</string>
			<key>isa</key>
			<string>PBXBuildFile</string>
		</dict>
	</dict>
	<key>rootObject</key>
	<string>00E55012194D76090029D98D</string>
</dict>
</plist>
