// !$*UTF8*$!
{
	archiveVersion = 1;
	classes = {
	};
	objectVersion = 46;
	objects = {

/* Begin PBXBuildFile section */
		0059DDD319401E920020B035 /* AppDelegate.swift in Sources */ = {isa = PBXBuildFile; fileRef = 0059DDD219401E920020B035 /* AppDelegate.swift */; };
		0059DDD519401E920020B035 /* ViewController.swift in Sources */ = {isa = PBXBuildFile; fileRef = 0059DDD419401E920020B035 /* ViewController.swift */; };
		0059DDD819401E920020B035 /* Main.storyboard in Resources */ = {isa = PBXBuildFile; fileRef = 0059DDD619401E920020B035 /* Main.storyboard */; };
		0059DDDA19401E920020B035 /* Images.xcassets in Resources */ = {isa = PBXBuildFile; fileRef = 0059DDD919401E920020B035 /* Images.xcassets */; };
		0059DDE619401E920020B035 /* SwiftApp_1Tests.swift in Sources */ = {isa = PBXBuildFile; fileRef = 0059DDE519401E920020B035 /* SwiftApp_1Tests.swift */; };
		0076A61C19404C1300592868 /* SecondViewController.swift in Sources */ = {isa = PBXBuildFile; fileRef = 0076A61B19404C1300592868 /* SecondViewController.swift */; };
/* End PBXBuildFile section */

/* Begin PBXContainerItemProxy section */
		0059DDE019401E920020B035 /* PBXContainerItemProxy */ = {
			isa = PBXContainerItemProxy;
			containerPortal = 0059DDC519401E920020B035 /* Project object */;
			proxyType = 1;
			remoteGlobalIDString = 0059DDCC19401E920020B035;
			remoteInfo = SwiftApp_1;
		};
/* End PBXContainerItemProxy section */

/* Begin PBXFileReference section */
		0059DDCD19401E920020B035 /* SwiftApp_1.app */ = {isa = PBXFileReference; explicitFileType = wrapper.application; includeInIndex = 0; path = SwiftApp_1.app; sourceTree = BUILT_PRODUCTS_DIR; };
		0059DDD119401E920020B035 /* Info.plist */ = {isa = PBXFileReference; lastKnownFileType = text.plist.xml; path = Info.plist; sourceTree = "<group>"; };
		0059DDD219401E920020B035 /* AppDelegate.swift */ = {isa = PBXFileReference; lastKnownFileType = sourcecode.swift; path = AppDelegate.swift; sourceTree = "<group>"; };
		0059DDD419401E920020B035 /* ViewController.swift */ = {isa = PBXFileReference; lastKnownFileType = sourcecode.swift; path = ViewController.swift; sourceTree = "<group>"; };
		0059DDD719401E920020B035 /* Base */ = {isa = PBXFileReference; lastKnownFileType = file.storyboard; name = Base; path = Base.lproj/Main.storyboard; sourceTree = "<group>"; };
		0059DDD919401E920020B035 /* Images.xcassets */ = {isa = PBXFileReference; lastKnownFileType = folder.assetcatalog; path = Images.xcassets; sourceTree = "<group>"; };
		0059DDDF19401E920020B035 /* SwiftApp_1Tests.xctest */ = {isa = PBXFileReference; explicitFileType = wrapper.cfbundle; includeInIndex = 0; path = SwiftApp_1Tests.xctest; sourceTree = BUILT_PRODUCTS_DIR; };
		0059DDE419401E920020B035 /* Info.plist */ = {isa = PBXFileReference; lastKnownFileType = text.plist.xml; path = Info.plist; sourceTree = "<group>"; };
		0059DDE519401E920020B035 /* SwiftApp_1Tests.swift */ = {isa = PBXFileReference; lastKnownFileType = sourcecode.swift; path = SwiftApp_1Tests.swift; sourceTree = "<group>"; };
		0076A61B19404C1300592868 /* SecondViewController.swift */ = {isa = PBXFileReference; fileEncoding = 4; lastKnownFileType = sourcecode.swift; path = SecondViewController.swift; sourceTree = "<group>"; };
/* End PBXFileReference section */

/* Begin PBXFrameworksBuildPhase section */
		0059DDCA19401E920020B035 /* Frameworks */ = {
			isa = PBXFrameworksBuildPhase;
			buildActionMask = 2147483647;
			files = (
			);
			runOnlyForDeploymentPostprocessing = 0;
		};
		0059DDDC19401E920020B035 /* Frameworks */ = {
			isa = PBXFrameworksBuildPhase;
			buildActionMask = 2147483647;
			files = (
			);
			runOnlyForDeploymentPostprocessing = 0;
		};
/* End PBXFrameworksBuildPhase section */

/* Begin PBXGroup section */
		0059DDC419401E920020B035 = {
			isa = PBXGroup;
			children = (
				0059DDCF19401E920020B035 /* SwiftApp_1 */,
				0059DDE219401E920020B035 /* SwiftApp_1Tests */,
				0059DDCE19401E920020B035 /* Products */,
			);
			sourceTree = "<group>";
		};
		0059DDCE19401E920020B035 /* Products */ = {
			isa = PBXGroup;
			children = (
				0059DDCD19401E920020B035 /* SwiftApp_1.app */,
				0059DDDF19401E920020B035 /* SwiftApp_1Tests.xctest */,
			);
			name = Products;
			sourceTree = "<group>";
		};
		0059DDCF19401E920020B035 /* SwiftApp_1 */ = {
			isa = PBXGroup;
			children = (
				0059DDD219401E920020B035 /* AppDelegate.swift */,
				0059DDD419401E920020B035 /* ViewController.swift */,
				0076A61B19404C1300592868 /* SecondViewController.swift */,
				0059DDD619401E920020B035 /* Main.storyboard */,
				0059DDD919401E920020B035 /* Images.xcassets */,
				0059DDD019401E920020B035 /* Supporting Files */,
			);
			path = SwiftApp_1;
			sourceTree = "<group>";
		};
		0059DDD019401E920020B035 /* Supporting Files */ = {
			isa = PBXGroup;
			children = (
				0059DDD119401E920020B035 /* Info.plist */,
			);
			name = "Supporting Files";
			sourceTree = "<group>";
		};
		0059DDE219401E920020B035 /* SwiftApp_1Tests */ = {
			isa = PBXGroup;
			children = (
				0059DDE519401E920020B035 /* SwiftApp_1Tests.swift */,
				0059DDE319401E920020B035 /* Supporting Files */,
			);
			path = SwiftApp_1Tests;
			sourceTree = "<group>";
		};
		0059DDE319401E920020B035 /* Supporting Files */ = {
			isa = PBXGroup;
			children = (
				0059DDE419401E920020B035 /* Info.plist */,
			);
			name = "Supporting Files";
			sourceTree = "<group>";
		};
/* End PBXGroup section */

/* Begin PBXNativeTarget section */
		0059DDCC19401E920020B035 /* SwiftApp_1 */ = {
			isa = PBXNativeTarget;
			buildConfigurationList = 0059DDE919401E920020B035 /* Build configuration list for PBXNativeTarget "SwiftApp_1" */;
			buildPhases = (
				0059DDC919401E920020B035 /* Sources */,
				0059DDCA19401E920020B035 /* Frameworks */,
				0059DDCB19401E920020B035 /* Resources */,
			);
			buildRules = (
			);
			dependencies = (
			);
			name = SwiftApp_1;
			productName = SwiftApp_1;
			productReference = 0059DDCD19401E920020B035 /* SwiftApp_1.app */;
			productType = "com.apple.product-type.application";
		};
		0059DDDE19401E920020B035 /* SwiftApp_1Tests */ = {
			isa = PBXNativeTarget;
			buildConfigurationList = 0059DDEC19401E920020B035 /* Build configuration list for PBXNativeTarget "SwiftApp_1Tests" */;
			buildPhases = (
				0059DDDB19401E920020B035 /* Sources */,
				0059DDDC19401E920020B035 /* Frameworks */,
				0059DDDD19401E920020B035 /* Resources */,
			);
			buildRules = (
			);
			dependencies = (
				0059DDE119401E920020B035 /* PBXTargetDependency */,
			);
			name = SwiftApp_1Tests;
			productName = SwiftApp_1Tests;
			productReference = 0059DDDF19401E920020B035 /* SwiftApp_1Tests.xctest */;
			productType = "com.apple.product-type.bundle.unit-test";
		};
/* End PBXNativeTarget section */

/* Begin PBXProject section */
		0059DDC519401E920020B035 /* Project object */ = {
			isa = PBXProject;
			attributes = {
				LastUpgradeCheck = 0600;
				ORGANIZATIONNAME = "长沙戴维营教育";
				TargetAttributes = {
					0059DDCC19401E920020B035 = {
						CreatedOnToolsVersion = 6.0;
					};
					0059DDDE19401E920020B035 = {
						CreatedOnToolsVersion = 6.0;
						TestTargetID = 0059DDCC19401E920020B035;
					};
				};
			};
			buildConfigurationList = 0059DDC819401E920020B035 /* Build configuration list for PBXProject "SwiftApp_1" */;
			compatibilityVersion = "Xcode 3.2";
			developmentRegion = English;
			hasScannedForEncodings = 0;
			knownRegions = (
				en,
				Base,
			);
			mainGroup = 0059DDC419401E920020B035;
			productRefGroup = 0059DDCE19401E920020B035 /* Products */;
			projectDirPath = "";
			projectRoot = "";
			targets = (
				0059DDCC19401E920020B035 /* SwiftApp_1 */,
				0059DDDE19401E920020B035 /* SwiftApp_1Tests */,
			);
		};
/* End PBXProject section */

/* Begin PBXResourcesBuildPhase section */
		0059DDCB19401E920020B035 /* Resources */ = {
			isa = PBXResourcesBuildPhase;
			buildActionMask = 2147483647;
			files = (
				0059DDD819401E920020B035 /* Main.storyboard in Resources */,
				0059DDDA19401E920020B035 /* Images.xcassets in Resources */,
			);
			runOnlyForDeploymentPostprocessing = 0;
		};
		0059DDDD19401E920020B035 /* Resources */ = {
			isa = PBXResourcesBuildPhase;
			buildActionMask = 2147483647;
			files = (
			);
			runOnlyForDeploymentPostprocessing = 0;
		};
/* End PBXResourcesBuildPhase section */

/* Begin PBXSourcesBuildPhase section */
		0059DDC919401E920020B035 /* Sources */ = {
			isa = PBXSourcesBuildPhase;
			buildActionMask = 2147483647;
			files = (
				0076A61C19404C1300592868 /* SecondViewController.swift in Sources */,
				0059DDD519401E920020B035 /* ViewController.swift in Sources */,
				0059DDD319401E920020B035 /* AppDelegate.swift in Sources */,
			);
			runOnlyForDeploymentPostprocessing = 0;
		};
		0059DDDB19401E920020B035 /* Sources */ = {
			isa = PBXSourcesBuildPhase;
			buildActionMask = 2147483647;
			files = (
				0059DDE619401E920020B035 /* SwiftApp_1Tests.swift in Sources */,
			);
			runOnlyForDeploymentPostprocessing = 0;
		};
/* End PBXSourcesBuildPhase section */

/* Begin PBXTargetDependency section */
		0059DDE119401E920020B035 /* PBXTargetDependency */ = {
			isa = PBXTargetDependency;
			target = 0059DDCC19401E920020B035 /* SwiftApp_1 */;
			targetProxy = 0059DDE019401E920020B035 /* PBXContainerItemProxy */;
		};
/* End PBXTargetDependency section */

/* Begin PBXVariantGroup section */
		0059DDD619401E920020B035 /* Main.storyboard */ = {
			isa = PBXVariantGroup;
			children = (
				0059DDD719401E920020B035 /* Base */,
			);
			name = Main.storyboard;
			sourceTree = "<group>";
		};
/* End PBXVariantGroup section */

/* Begin XCBuildConfiguration section */
		0059DDE719401E920020B035 /* Debug */ = {
			isa = XCBuildConfiguration;
			buildSettings = {
				ALWAYS_SEARCH_USER_PATHS = NO;
				CLANG_CXX_LANGUAGE_STANDARD = "gnu++0x";
				CLANG_CXX_LIBRARY = "libc++";
				CLANG_ENABLE_MODULES = YES;
				CLANG_ENABLE_OBJC_ARC = YES;
				CLANG_WARN_BOOL_CONVERSION = YES;
				CLANG_WARN_CONSTANT_CONVERSION = YES;
				CLANG_WARN_DIRECT_OBJC_ISA_USAGE = YES_ERROR;
				CLANG_WARN_EMPTY_BODY = YES;
				CLANG_WARN_ENUM_CONVERSION = YES;
				CLANG_WARN_INT_CONVERSION = YES;
				CLANG_WARN_OBJC_ROOT_CLASS = YES_ERROR;
				CLANG_WARN_UNREACHABLE_CODE = YES;
				CLANG_WARN__DUPLICATE_METHOD_MATCH = YES;
				"CODE_SIGN_IDENTITY[sdk=iphoneos*]" = "iPhone Developer";
				COPY_PHASE_STRIP = NO;
				ENABLE_STRICT_OBJC_MSGSEND = YES;
				GCC_C_LANGUAGE_STANDARD = gnu99;
				GCC_DYNAMIC_NO_PIC = NO;
				GCC_OPTIMIZATION_LEVEL = 0;
				GCC_PREPROCESSOR_DEFINITIONS = (
					"DEBUG=1",
					"$(inherited)",
				);
				GCC_SYMBOLS_PRIVATE_EXTERN = NO;
				GCC_WARN_64_TO_32_BIT_CONVERSION = YES;
				GCC_WARN_ABOUT_RETURN_TYPE = YES_ERROR;
				GCC_WARN_UNDECLARED_SELECTOR = YES;
				GCC_WARN_UNINITIALIZED_AUTOS = YES_AGGRESSIVE;
				GCC_WARN_UNUSED_FUNCTION = YES;
				GCC_WARN_UNUSED_VARIABLE = YES;
				IPHONEOS_DEPLOYMENT_TARGET = 8.0;
				METAL_ENABLE_DEBUG_INFO = YES;
				ONLY_ACTIVE_ARCH = YES;
				SDKROOT = iphoneos;
				SWIFT_OPTIMIZATION_LEVEL = "-Onone";
			};
			name = Debug;
		};
		0059DDE819401E920020B035 /* Release */ = {
			isa = XCBuildConfiguration;
			buildSettings = {
				ALWAYS_SEARCH_USER_PATHS = NO;
				CLANG_CXX_LANGUAGE_STANDARD = "gnu++0x";
				CLANG_CXX_LIBRARY = "libc++";
				CLANG_ENABLE_MODULES = YES;
				CLANG_ENABLE_OBJC_ARC = YES;
				CLANG_WARN_BOOL_CONVERSION = YES;
				CLANG_WARN_CONSTANT_CONVERSION = YES;
				CLANG_WARN_DIRECT_OBJC_ISA_USAGE = YES_ERROR;
				CLANG_WARN_EMPTY_BODY = YES;
				CLANG_WARN_ENUM_CONVERSION = YES;
				CLANG_WARN_INT_CONVERSION = YES;
				CLANG_WARN_OBJC_ROOT_CLASS = YES_ERROR;
				CLANG_WARN_UNREACHABLE_CODE = YES;
				CLANG_WARN__DUPLICATE_METHOD_MATCH = YES;
				"CODE_SIGN_IDENTITY[sdk=iphoneos*]" = "iPhone Developer";
				COPY_PHASE_STRIP = YES;
				ENABLE_NS_ASSERTIONS = NO;
				ENABLE_STRICT_OBJC_MSGSEND = YES;
				GCC_C_LANGUAGE_STANDARD = gnu99;
				GCC_WARN_64_TO_32_BIT_CONVERSION = YES;
				GCC_WARN_ABOUT_RETURN_TYPE = YES_ERROR;
				GCC_WARN_UNDECLARED_SELECTOR = YES;
				GCC_WARN_UNINITIALIZED_AUTOS = YES_AGGRESSIVE;
				GCC_WARN_UNUSED_FUNCTION = YES;
				GCC_WARN_UNUSED_VARIABLE = YES;
				IPHONEOS_DEPLOYMENT_TARGET = 8.0;
				METAL_ENABLE_DEBUG_INFO = NO;
				SDKROOT = iphoneos;
				VALIDATE_PRODUCT = YES;
			};
			name = Release;
		};
		0059DDEA19401E920020B035 /* Debug */ = {
			isa = XCBuildConfiguration;
			buildSettings = {
				ASSETCATALOG_COMPILER_APPICON_NAME = AppIcon;
				ASSETCATALOG_COMPILER_LAUNCHIMAGE_NAME = LaunchImage;
				INFOPLIST_FILE = SwiftApp_1/Info.plist;
				LD_RUNPATH_SEARCH_PATHS = "$(inherited) @executable_path/Frameworks";
				PRODUCT_NAME = "$(TARGET_NAME)";
			};
			name = Debug;
		};
		0059DDEB19401E920020B035 /* Release */ = {
			isa = XCBuildConfiguration;
			buildSettings = {
				ASSETCATALOG_COMPILER_APPICON_NAME = AppIcon;
				ASSETCATALOG_COMPILER_LAUNCHIMAGE_NAME = LaunchImage;
				INFOPLIST_FILE = SwiftApp_1/Info.plist;
				LD_RUNPATH_SEARCH_PATHS = "$(inherited) @executable_path/Frameworks";
				PRODUCT_NAME = "$(TARGET_NAME)";
			};
			name = Release;
		};
		0059DDED19401E920020B035 /* Debug */ = {
			isa = XCBuildConfiguration;
			buildSettings = {
				BUNDLE_LOADER = "$(BUILT_PRODUCTS_DIR)/SwiftApp_1.app/SwiftApp_1";
				FRAMEWORK_SEARCH_PATHS = (
					"$(SDKROOT)/Developer/Library/Frameworks",
					"$(inherited)",
				);
				GCC_PREPROCESSOR_DEFINITIONS = (
					"DEBUG=1",
					"$(inherited)",
				);
				INFOPLIST_FILE = SwiftApp_1Tests/Info.plist;
				LD_RUNPATH_SEARCH_PATHS = "$(inherited) @executable_path/Frameworks @loader_path/Frameworks";
				METAL_ENABLE_DEBUG_INFO = YES;
				PRODUCT_NAME = "$(TARGET_NAME)";
				TEST_HOST = "$(BUNDLE_LOADER)";
			};
			name = Debug;
		};
		0059DDEE19401E920020B035 /* Release */ = {
			isa = XCBuildConfiguration;
			buildSettings = {
				BUNDLE_LOADER = "$(BUILT_PRODUCTS_DIR)/SwiftApp_1.app/SwiftApp_1";
				FRAMEWORK_SEARCH_PATHS = (
					"$(SDKROOT)/Developer/Library/Frameworks",
					"$(inherited)",
				);
				INFOPLIST_FILE = SwiftApp_1Tests/Info.plist;
				LD_RUNPATH_SEARCH_PATHS = "$(inherited) @executable_path/Frameworks @loader_path/Frameworks";
				METAL_ENABLE_DEBUG_INFO = NO;
				PRODUCT_NAME = "$(TARGET_NAME)";
				TEST_HOST = "$(BUNDLE_LOADER)";
			};
			name = Release;
		};
/* End XCBuildConfiguration section */

/* Begin XCConfigurationList section */
		0059DDC819401E920020B035 /* Build configuration list for PBXProject "SwiftApp_1" */ = {
			isa = XCConfigurationList;
			buildConfigurations = (
				0059DDE719401E920020B035 /* Debug */,
				0059DDE819401E920020B035 /* Release */,
			);
			defaultConfigurationIsVisible = 0;
			defaultConfigurationName = Release;
		};
		0059DDE919401E920020B035 /* Build configuration list for PBXNativeTarget "SwiftApp_1" */ = {
			isa = XCConfigurationList;
			buildConfigurations = (
				0059DDEA19401E920020B035 /* Debug */,
				0059DDEB19401E920020B035 /* Release */,
			);
			defaultConfigurationIsVisible = 0;
			defaultConfigurationName = Release;
		};
		0059DDEC19401E920020B035 /* Build configuration list for PBXNativeTarget "SwiftApp_1Tests" */ = {
			isa = XCConfigurationList;
			buildConfigurations = (
				0059DDED19401E920020B035 /* Debug */,
				0059DDEE19401E920020B035 /* Release */,
			);
			defaultConfigurationIsVisible = 0;
			defaultConfigurationName = Release;
		};
/* End XCConfigurationList section */
	};
	rootObject = 0059DDC519401E920020B035 /* Project object */;
}
