// !$*UTF8*$!
{
	archiveVersion = 1;
	classes = {
	};
	objectVersion = 46;
	objects = {

/* Begin PBXBuildFile section */
		00108BA619516C3000B68692 /* AppDelegate.swift in Sources */ = {isa = PBXBuildFile; fileRef = 00108BA519516C3000B68692 /* AppDelegate.swift */; };
		00108BA819516C3000B68692 /* ViewController.swift in Sources */ = {isa = PBXBuildFile; fileRef = 00108BA719516C3000B68692 /* ViewController.swift */; };
		00108BAB19516C3000B68692 /* Main.storyboard in Resources */ = {isa = PBXBuildFile; fileRef = 00108BA919516C3000B68692 /* Main.storyboard */; };
		00108BAD19516C3000B68692 /* Images.xcassets in Resources */ = {isa = PBXBuildFile; fileRef = 00108BAC19516C3000B68692 /* Images.xcassets */; };
		00108BB919516C3000B68692 /* NoteAppTests.swift in Sources */ = {isa = PBXBuildFile; fileRef = 00108BB819516C3000B68692 /* NoteAppTests.swift */; };
/* End PBXBuildFile section */

/* Begin PBXContainerItemProxy section */
		00108BB319516C3000B68692 /* PBXContainerItemProxy */ = {
			isa = PBXContainerItemProxy;
			containerPortal = 00108B9819516C3000B68692 /* Project object */;
			proxyType = 1;
			remoteGlobalIDString = 00108B9F19516C3000B68692;
			remoteInfo = NoteApp;
		};
/* End PBXContainerItemProxy section */

/* Begin PBXFileReference section */
		00108BA019516C3000B68692 /* NoteApp.app */ = {isa = PBXFileReference; explicitFileType = wrapper.application; includeInIndex = 0; path = NoteApp.app; sourceTree = BUILT_PRODUCTS_DIR; };
		00108BA419516C3000B68692 /* Info.plist */ = {isa = PBXFileReference; lastKnownFileType = text.plist.xml; path = Info.plist; sourceTree = "<group>"; };
		00108BA519516C3000B68692 /* AppDelegate.swift */ = {isa = PBXFileReference; lastKnownFileType = sourcecode.swift; path = AppDelegate.swift; sourceTree = "<group>"; };
		00108BA719516C3000B68692 /* ViewController.swift */ = {isa = PBXFileReference; lastKnownFileType = sourcecode.swift; path = ViewController.swift; sourceTree = "<group>"; };
		00108BAA19516C3000B68692 /* Base */ = {isa = PBXFileReference; lastKnownFileType = file.storyboard; name = Base; path = Base.lproj/Main.storyboard; sourceTree = "<group>"; };
		00108BAC19516C3000B68692 /* Images.xcassets */ = {isa = PBXFileReference; lastKnownFileType = folder.assetcatalog; path = Images.xcassets; sourceTree = "<group>"; };
		00108BB219516C3000B68692 /* NoteAppTests.xctest */ = {isa = PBXFileReference; explicitFileType = wrapper.cfbundle; includeInIndex = 0; path = NoteAppTests.xctest; sourceTree = BUILT_PRODUCTS_DIR; };
		00108BB719516C3000B68692 /* Info.plist */ = {isa = PBXFileReference; lastKnownFileType = text.plist.xml; path = Info.plist; sourceTree = "<group>"; };
		00108BB819516C3000B68692 /* NoteAppTests.swift */ = {isa = PBXFileReference; lastKnownFileType = sourcecode.swift; path = NoteAppTests.swift; sourceTree = "<group>"; };
/* End PBXFileReference section */

/* Begin PBXFrameworksBuildPhase section */
		00108B9D19516C3000B68692 /* Frameworks */ = {
			isa = PBXFrameworksBuildPhase;
			buildActionMask = 2147483647;
			files = (
			);
			runOnlyForDeploymentPostprocessing = 0;
		};
		00108BAF19516C3000B68692 /* Frameworks */ = {
			isa = PBXFrameworksBuildPhase;
			buildActionMask = 2147483647;
			files = (
			);
			runOnlyForDeploymentPostprocessing = 0;
		};
/* End PBXFrameworksBuildPhase section */

/* Begin PBXGroup section */
		00108B9719516C3000B68692 = {
			isa = PBXGroup;
			children = (
				00108BA219516C3000B68692 /* NoteApp */,
				00108BB519516C3000B68692 /* NoteAppTests */,
				00108BA119516C3000B68692 /* Products */,
			);
			sourceTree = "<group>";
		};
		00108BA119516C3000B68692 /* Products */ = {
			isa = PBXGroup;
			children = (
				00108BA019516C3000B68692 /* NoteApp.app */,
				00108BB219516C3000B68692 /* NoteAppTests.xctest */,
			);
			name = Products;
			sourceTree = "<group>";
		};
		00108BA219516C3000B68692 /* NoteApp */ = {
			isa = PBXGroup;
			children = (
				00108BA519516C3000B68692 /* AppDelegate.swift */,
				00108BA719516C3000B68692 /* ViewController.swift */,
				00108BA919516C3000B68692 /* Main.storyboard */,
				00108BAC19516C3000B68692 /* Images.xcassets */,
				00108BA319516C3000B68692 /* Supporting Files */,
			);
			path = NoteApp;
			sourceTree = "<group>";
		};
		00108BA319516C3000B68692 /* Supporting Files */ = {
			isa = PBXGroup;
			children = (
				00108BA419516C3000B68692 /* Info.plist */,
			);
			name = "Supporting Files";
			sourceTree = "<group>";
		};
		00108BB519516C3000B68692 /* NoteAppTests */ = {
			isa = PBXGroup;
			children = (
				00108BB819516C3000B68692 /* NoteAppTests.swift */,
				00108BB619516C3000B68692 /* Supporting Files */,
			);
			path = NoteAppTests;
			sourceTree = "<group>";
		};
		00108BB619516C3000B68692 /* Supporting Files */ = {
			isa = PBXGroup;
			children = (
				00108BB719516C3000B68692 /* Info.plist */,
			);
			name = "Supporting Files";
			sourceTree = "<group>";
		};
/* End PBXGroup section */

/* Begin PBXNativeTarget section */
		00108B9F19516C3000B68692 /* NoteApp */ = {
			isa = PBXNativeTarget;
			buildConfigurationList = 00108BBC19516C3000B68692 /* Build configuration list for PBXNativeTarget "NoteApp" */;
			buildPhases = (
				00108B9C19516C3000B68692 /* Sources */,
				00108B9D19516C3000B68692 /* Frameworks */,
				00108B9E19516C3000B68692 /* Resources */,
			);
			buildRules = (
			);
			dependencies = (
			);
			name = NoteApp;
			productName = NoteApp;
			productReference = 00108BA019516C3000B68692 /* NoteApp.app */;
			productType = "com.apple.product-type.application";
		};
		00108BB119516C3000B68692 /* NoteAppTests */ = {
			isa = PBXNativeTarget;
			buildConfigurationList = 00108BBF19516C3000B68692 /* Build configuration list for PBXNativeTarget "NoteAppTests" */;
			buildPhases = (
				00108BAE19516C3000B68692 /* Sources */,
				00108BAF19516C3000B68692 /* Frameworks */,
				00108BB019516C3000B68692 /* Resources */,
			);
			buildRules = (
			);
			dependencies = (
				00108BB419516C3000B68692 /* PBXTargetDependency */,
			);
			name = NoteAppTests;
			productName = NoteAppTests;
			productReference = 00108BB219516C3000B68692 /* NoteAppTests.xctest */;
			productType = "com.apple.product-type.bundle.unit-test";
		};
/* End PBXNativeTarget section */

/* Begin PBXProject section */
		00108B9819516C3000B68692 /* Project object */ = {
			isa = PBXProject;
			attributes = {
				LastUpgradeCheck = 0600;
				ORGANIZATIONNAME = "长沙戴维营教育";
				TargetAttributes = {
					00108B9F19516C3000B68692 = {
						CreatedOnToolsVersion = 6.0;
					};
					00108BB119516C3000B68692 = {
						CreatedOnToolsVersion = 6.0;
						TestTargetID = 00108B9F19516C3000B68692;
					};
				};
			};
			buildConfigurationList = 00108B9B19516C3000B68692 /* Build configuration list for PBXProject "NoteApp" */;
			compatibilityVersion = "Xcode 3.2";
			developmentRegion = English;
			hasScannedForEncodings = 0;
			knownRegions = (
				en,
				Base,
			);
			mainGroup = 00108B9719516C3000B68692;
			productRefGroup = 00108BA119516C3000B68692 /* Products */;
			projectDirPath = "";
			projectRoot = "";
			targets = (
				00108B9F19516C3000B68692 /* NoteApp */,
				00108BB119516C3000B68692 /* NoteAppTests */,
			);
		};
/* End PBXProject section */

/* Begin PBXResourcesBuildPhase section */
		00108B9E19516C3000B68692 /* Resources */ = {
			isa = PBXResourcesBuildPhase;
			buildActionMask = 2147483647;
			files = (
				00108BAB19516C3000B68692 /* Main.storyboard in Resources */,
				00108BAD19516C3000B68692 /* Images.xcassets in Resources */,
			);
			runOnlyForDeploymentPostprocessing = 0;
		};
		00108BB019516C3000B68692 /* Resources */ = {
			isa = PBXResourcesBuildPhase;
			buildActionMask = 2147483647;
			files = (
			);
			runOnlyForDeploymentPostprocessing = 0;
		};
/* End PBXResourcesBuildPhase section */

/* Begin PBXSourcesBuildPhase section */
		00108B9C19516C3000B68692 /* Sources */ = {
			isa = PBXSourcesBuildPhase;
			buildActionMask = 2147483647;
			files = (
				00108BA819516C3000B68692 /* ViewController.swift in Sources */,
				00108BA619516C3000B68692 /* AppDelegate.swift in Sources */,
			);
			runOnlyForDeploymentPostprocessing = 0;
		};
		00108BAE19516C3000B68692 /* Sources */ = {
			isa = PBXSourcesBuildPhase;
			buildActionMask = 2147483647;
			files = (
				00108BB919516C3000B68692 /* NoteAppTests.swift in Sources */,
			);
			runOnlyForDeploymentPostprocessing = 0;
		};
/* End PBXSourcesBuildPhase section */

/* Begin PBXTargetDependency section */
		00108BB419516C3000B68692 /* PBXTargetDependency */ = {
			isa = PBXTargetDependency;
			target = 00108B9F19516C3000B68692 /* NoteApp */;
			targetProxy = 00108BB319516C3000B68692 /* PBXContainerItemProxy */;
		};
/* End PBXTargetDependency section */

/* Begin PBXVariantGroup section */
		00108BA919516C3000B68692 /* Main.storyboard */ = {
			isa = PBXVariantGroup;
			children = (
				00108BAA19516C3000B68692 /* Base */,
			);
			name = Main.storyboard;
			sourceTree = "<group>";
		};
/* End PBXVariantGroup section */

/* Begin XCBuildConfiguration section */
		00108BBA19516C3000B68692 /* Debug */ = {
			isa = XCBuildConfiguration;
			buildSettings = {
				ALWAYS_SEARCH_USER_PATHS = NO;
				CLANG_CXX_LANGUAGE_STANDARD = "gnu++0x";
				CLANG_CXX_LIBRARY = "libc++";
				CLANG_ENABLE_MODULES = YES;
				CLANG_ENABLE_OBJC_ARC = YES;
				CLANG_WARN_BOOL_CONVERSION = YES;
				CLANG_WARN_CONSTANT_CONVERSION = YES;
				CLANG_WARN_DIRECT_OBJC_ISA_USAGE = YES_ERROR;
				CLANG_WARN_EMPTY_BODY = YES;
				CLANG_WARN_ENUM_CONVERSION = YES;
				CLANG_WARN_INT_CONVERSION = YES;
				CLANG_WARN_OBJC_ROOT_CLASS = YES_ERROR;
				CLANG_WARN_UNREACHABLE_CODE = YES;
				CLANG_WARN__DUPLICATE_METHOD_MATCH = YES;
				"CODE_SIGN_IDENTITY[sdk=iphoneos*]" = "iPhone Developer";
				COPY_PHASE_STRIP = NO;
				ENABLE_STRICT_OBJC_MSGSEND = YES;
				GCC_C_LANGUAGE_STANDARD = gnu99;
				GCC_DYNAMIC_NO_PIC = NO;
				GCC_OPTIMIZATION_LEVEL = 0;
				GCC_PREPROCESSOR_DEFINITIONS = (
					"DEBUG=1",
					"$(inherited)",
				);
				GCC_SYMBOLS_PRIVATE_EXTERN = NO;
				GCC_WARN_64_TO_32_BIT_CONVERSION = YES;
				GCC_WARN_ABOUT_RETURN_TYPE = YES_ERROR;
				GCC_WARN_UNDECLARED_SELECTOR = YES;
				GCC_WARN_UNINITIALIZED_AUTOS = YES_AGGRESSIVE;
				GCC_WARN_UNUSED_FUNCTION = YES;
				GCC_WARN_UNUSED_VARIABLE = YES;
				IPHONEOS_DEPLOYMENT_TARGET = 8.0;
				METAL_ENABLE_DEBUG_INFO = YES;
				ONLY_ACTIVE_ARCH = YES;
				SDKROOT = iphoneos;
				SWIFT_OPTIMIZATION_LEVEL = "-Onone";
			};
			name = Debug;
		};
		00108BBB19516C3000B68692 /* Release */ = {
			isa = XCBuildConfiguration;
			buildSettings = {
				ALWAYS_SEARCH_USER_PATHS = NO;
				CLANG_CXX_LANGUAGE_STANDARD = "gnu++0x";
				CLANG_CXX_LIBRARY = "libc++";
				CLANG_ENABLE_MODULES = YES;
				CLANG_ENABLE_OBJC_ARC = YES;
				CLANG_WARN_BOOL_CONVERSION = YES;
				CLANG_WARN_CONSTANT_CONVERSION = YES;
				CLANG_WARN_DIRECT_OBJC_ISA_USAGE = YES_ERROR;
				CLANG_WARN_EMPTY_BODY = YES;
				CLANG_WARN_ENUM_CONVERSION = YES;
				CLANG_WARN_INT_CONVERSION = YES;
				CLANG_WARN_OBJC_ROOT_CLASS = YES_ERROR;
				CLANG_WARN_UNREACHABLE_CODE = YES;
				CLANG_WARN__DUPLICATE_METHOD_MATCH = YES;
				"CODE_SIGN_IDENTITY[sdk=iphoneos*]" = "iPhone Developer";
				COPY_PHASE_STRIP = YES;
				ENABLE_NS_ASSERTIONS = NO;
				ENABLE_STRICT_OBJC_MSGSEND = YES;
				GCC_C_LANGUAGE_STANDARD = gnu99;
				GCC_WARN_64_TO_32_BIT_CONVERSION = YES;
				GCC_WARN_ABOUT_RETURN_TYPE = YES_ERROR;
				GCC_WARN_UNDECLARED_SELECTOR = YES;
				GCC_WARN_UNINITIALIZED_AUTOS = YES_AGGRESSIVE;
				GCC_WARN_UNUSED_FUNCTION = YES;
				GCC_WARN_UNUSED_VARIABLE = YES;
				IPHONEOS_DEPLOYMENT_TARGET = 8.0;
				METAL_ENABLE_DEBUG_INFO = NO;
				SDKROOT = iphoneos;
				VALIDATE_PRODUCT = YES;
			};
			name = Release;
		};
		00108BBD19516C3000B68692 /* Debug */ = {
			isa = XCBuildConfiguration;
			buildSettings = {
				ASSETCATALOG_COMPILER_APPICON_NAME = AppIcon;
				ASSETCATALOG_COMPILER_LAUNCHIMAGE_NAME = LaunchImage;
				INFOPLIST_FILE = NoteApp/Info.plist;
				LD_RUNPATH_SEARCH_PATHS = "$(inherited) @executable_path/Frameworks";
				PRODUCT_NAME = "$(TARGET_NAME)";
			};
			name = Debug;
		};
		00108BBE19516C3000B68692 /* Release */ = {
			isa = XCBuildConfiguration;
			buildSettings = {
				ASSETCATALOG_COMPILER_APPICON_NAME = AppIcon;
				ASSETCATALOG_COMPILER_LAUNCHIMAGE_NAME = LaunchImage;
				INFOPLIST_FILE = NoteApp/Info.plist;
				LD_RUNPATH_SEARCH_PATHS = "$(inherited) @executable_path/Frameworks";
				PRODUCT_NAME = "$(TARGET_NAME)";
			};
			name = Release;
		};
		00108BC019516C3000B68692 /* Debug */ = {
			isa = XCBuildConfiguration;
			buildSettings = {
				BUNDLE_LOADER = "$(BUILT_PRODUCTS_DIR)/NoteApp.app/NoteApp";
				FRAMEWORK_SEARCH_PATHS = (
					"$(SDKROOT)/Developer/Library/Frameworks",
					"$(inherited)",
				);
				GCC_PREPROCESSOR_DEFINITIONS = (
					"DEBUG=1",
					"$(inherited)",
				);
				INFOPLIST_FILE = NoteAppTests/Info.plist;
				LD_RUNPATH_SEARCH_PATHS = "$(inherited) @executable_path/Frameworks @loader_path/Frameworks";
				METAL_ENABLE_DEBUG_INFO = YES;
				PRODUCT_NAME = "$(TARGET_NAME)";
				TEST_HOST = "$(BUNDLE_LOADER)";
			};
			name = Debug;
		};
		00108BC119516C3000B68692 /* Release */ = {
			isa = XCBuildConfiguration;
			buildSettings = {
				BUNDLE_LOADER = "$(BUILT_PRODUCTS_DIR)/NoteApp.app/NoteApp";
				FRAMEWORK_SEARCH_PATHS = (
					"$(SDKROOT)/Developer/Library/Frameworks",
					"$(inherited)",
				);
				INFOPLIST_FILE = NoteAppTests/Info.plist;
				LD_RUNPATH_SEARCH_PATHS = "$(inherited) @executable_path/Frameworks @loader_path/Frameworks";
				METAL_ENABLE_DEBUG_INFO = NO;
				PRODUCT_NAME = "$(TARGET_NAME)";
				TEST_HOST = "$(BUNDLE_LOADER)";
			};
			name = Release;
		};
/* End XCBuildConfiguration section */

/* Begin XCConfigurationList section */
		00108B9B19516C3000B68692 /* Build configuration list for PBXProject "NoteApp" */ = {
			isa = XCConfigurationList;
			buildConfigurations = (
				00108BBA19516C3000B68692 /* Debug */,
				00108BBB19516C3000B68692 /* Release */,
			);
			defaultConfigurationIsVisible = 0;
			defaultConfigurationName = Release;
		};
		00108BBC19516C3000B68692 /* Build configuration list for PBXNativeTarget "NoteApp" */ = {
			isa = XCConfigurationList;
			buildConfigurations = (
				00108BBD19516C3000B68692 /* Debug */,
				00108BBE19516C3000B68692 /* Release */,
			);
			defaultConfigurationIsVisible = 0;
		};
		00108BBF19516C3000B68692 /* Build configuration list for PBXNativeTarget "NoteAppTests" */ = {
			isa = XCConfigurationList;
			buildConfigurations = (
				00108BC019516C3000B68692 /* Debug */,
				00108BC119516C3000B68692 /* Release */,
			);
			defaultConfigurationIsVisible = 0;
		};
/* End XCConfigurationList section */
	};
	rootObject = 00108B9819516C3000B68692 /* Project object */;
}
